<?xml version="1.0" encoding="utf-8"?>
<Project ToolsVersion="4.0" xmlns="http://schemas.microsoft.com/developer/msbuild/2003">
  <ItemGroup>
    <Filter Include="Source Files">
      <UniqueIdentifier>{4FC737F1-C7A5-4376-A066-2A32D752A2FF}</UniqueIdentifier>
      <Extensions>cpp;c;cc;cxx;def;odl;idl;hpj;bat;asm;asmx</Extensions>
    </Filter>
    <Filter Include="Header Files">
      <UniqueIdentifier>{93995380-89BD-4b04-88EB-625FBE52EBFB}</UniqueIdentifier>
      <Extensions>h;hh;hpp;hxx;hm;inl;inc;xsd</Extensions>
    </Filter>
    <Filter Include="Resource Files">
      <UniqueIdentifier>{67DA6AB6-F800-4c08-8B7A-83BB121AAD01}</UniqueIdentifier>
      <Extensions>rc;ico;cur;bmp;dlg;rc2;rct;bin;rgs;gif;jpg;jpeg;jpe;resx;tiff;tif;png;wav;mfcribbon-ms</Extensions>
    </Filter>
    <Filter Include="Reference">
      <UniqueIdentifier>{d84b9cb9-425a-481e-99a6-05d7d26561a7}</UniqueIdentifier>
    </Filter>
    <Filter Include="Reference\Qing">
      <UniqueIdentifier>{01631da3-939d-496f-ae53-277b76602323}</UniqueIdentifier>
    </Filter>
    <Filter Include="Reference\Qing\Include">
      <UniqueIdentifier>{31f61ca0-7986-470e-9516-383315b3c331}</UniqueIdentifier>
    </Filter>
    <Filter Include="Reference\Qing\Include\DesignPatterns">
      <UniqueIdentifier>{2b630ea3-b558-48e3-b5d4-5ee7a091f851}</UniqueIdentifier>
    </Filter>
    <Filter Include="Reference\Qing\Include\Example">
      <UniqueIdentifier>{6dd51d53-f288-4a73-8f09-cd1ad346f902}</UniqueIdentifier>
    </Filter>
    <Filter Include="UnitTest">
      <UniqueIdentifier>{5f763ee5-6762-4a5f-b237-b8a9c5144e17}</UniqueIdentifier>
    </Filter>
    <Filter Include="Reference\Basic">
      <UniqueIdentifier>{28f228c2-50e2-45cf-81a3-8dd8cda30499}</UniqueIdentifier>
    </Filter>
    <Filter Include="Reference\Basic\Algorithm">
      <UniqueIdentifier>{97a5ef51-bf29-4faf-96bf-1f88b84e9abb}</UniqueIdentifier>
    </Filter>
  </ItemGroup>
  <ItemGroup>
    <Text Include="ReadMe.txt" />
  </ItemGroup>
  <ItemGroup>
    <ClInclude Include="stdafx.h">
      <Filter>Header Files</Filter>
    </ClInclude>
    <ClInclude Include="targetver.h">
      <Filter>Header Files</Filter>
    </ClInclude>
    <ClInclude Include="..\..\Qing\Example\DesignPatterns\Header\AbstractFactory.h">
      <Filter>Reference\Qing\Include\DesignPatterns</Filter>
    </ClInclude>
    <ClInclude Include="..\..\Qing\Example\DesignPatterns\Header\Adapter.h">
      <Filter>Reference\Qing\Include\DesignPatterns</Filter>
    </ClInclude>
    <ClInclude Include="..\..\Qing\Example\DesignPatterns\Header\Bridge.h">
      <Filter>Reference\Qing\Include\DesignPatterns</Filter>
    </ClInclude>
    <ClInclude Include="..\..\Qing\Example\DesignPatterns\Header\Builder.h">
      <Filter>Reference\Qing\Include\DesignPatterns</Filter>
    </ClInclude>
    <ClInclude Include="..\..\Qing\Example\DesignPatterns\Header\Decorator.h">
      <Filter>Reference\Qing\Include\DesignPatterns</Filter>
    </ClInclude>
    <ClInclude Include="..\..\Qing\Example\DesignPatterns\Header\FactoryMethod.h">
      <Filter>Reference\Qing\Include\DesignPatterns</Filter>
    </ClInclude>
    <ClInclude Include="..\..\Qing\Example\DesignPatterns\Header\Prototype.h">
      <Filter>Reference\Qing\Include\DesignPatterns</Filter>
    </ClInclude>
    <ClInclude Include="..\..\Qing\Example\DesignPatterns\Header\SimpleFactory.h">
      <Filter>Reference\Qing\Include\DesignPatterns</Filter>
    </ClInclude>
    <ClInclude Include="..\..\Qing\Example\DesignPatterns\Header\Singleton.h">
      <Filter>Reference\Qing\Include\DesignPatterns</Filter>
    </ClInclude>
    <ClInclude Include="..\..\Qing\HeaderFiles\FileManager.h">
      <Filter>Reference\Qing\Include</Filter>
    </ClInclude>
    <ClInclude Include="..\..\Qing\HeaderFiles\GBKandUTF8.h">
      <Filter>Reference\Qing\Include</Filter>
    </ClInclude>
    <ClInclude Include="..\..\Qing\HeaderFiles\HexString.h">
      <Filter>Reference\Qing\Include</Filter>
    </ClInclude>
    <ClInclude Include="..\..\Qing\HeaderFiles\LocalComputer.h">
      <Filter>Reference\Qing\Include</Filter>
    </ClInclude>
    <ClInclude Include="..\..\Qing\HeaderFiles\Network.h">
      <Filter>Reference\Qing\Include</Filter>
    </ClInclude>
    <ClInclude Include="..\..\Qing\HeaderFiles\NumericalConversion.h">
      <Filter>Reference\Qing\Include</Filter>
    </ClInclude>
    <ClInclude Include="..\..\Qing\HeaderFiles\PermutationCombination.h">
      <Filter>Reference\Qing\Include</Filter>
    </ClInclude>
    <ClInclude Include="..\..\Qing\HeaderFiles\ProgramDump.h">
      <Filter>Reference\Qing\Include</Filter>
    </ClInclude>
    <ClInclude Include="..\..\Qing\HeaderFiles\QingBase.h">
      <Filter>Reference\Qing\Include</Filter>
    </ClInclude>
    <ClInclude Include="..\..\Qing\HeaderFiles\RandomAdapter.h">
      <Filter>Reference\Qing\Include</Filter>
    </ClInclude>
    <ClInclude Include="..\..\Qing\HeaderFiles\SingleProgram.h">
      <Filter>Reference\Qing\Include</Filter>
    </ClInclude>
    <ClInclude Include="..\..\Qing\HeaderFiles\Utility.h">
      <Filter>Reference\Qing\Include</Filter>
    </ClInclude>
    <ClInclude Include="..\..\Qing\Example\IOExample.h">
      <Filter>Reference\Qing\Include\Example</Filter>
    </ClInclude>
    <ClInclude Include="..\..\Qing\HeaderFiles\QingLog.h">
      <Filter>Reference\Qing\Include</Filter>
    </ClInclude>
    <ClInclude Include="..\..\Qing\HeaderFiles\QingNetwork.h">
      <Filter>Reference\Qing\Include</Filter>
    </ClInclude>
    <ClInclude Include="..\..\Qing\HeaderFiles\RandomGenerator.h">
      <Filter>Reference\Qing\Include</Filter>
    </ClInclude>
    <ClInclude Include="..\..\Qing\HeaderFiles\IniFile.h">
      <Filter>Reference\Qing\Include</Filter>
    </ClInclude>
    <ClInclude Include="UnitTest\TestIniFile.h">
      <Filter>UnitTest</Filter>
    </ClInclude>
    <ClInclude Include="UnitTest\TestDatabase.h">
      <Filter>UnitTest</Filter>
    </ClInclude>
    <ClInclude Include="..\..\..\Linux\basic\algorithm\001_MaxSubSum.h">
      <Filter>Reference\Basic\Algorithm</Filter>
    </ClInclude>
    <ClInclude Include="..\..\..\Linux\basic\algorithm\002_BinarySearch.h">
      <Filter>Reference\Basic\Algorithm</Filter>
    </ClInclude>
    <ClInclude Include="..\..\..\Linux\basic\algorithm\003_CommonMath.h">
      <Filter>Reference\Basic\Algorithm</Filter>
    </ClInclude>
    <ClInclude Include="..\..\..\Linux\basic\algorithm\AlgorithmTest.h">
      <Filter>Reference\Basic\Algorithm</Filter>
    </ClInclude>
  </ItemGroup>
  <ItemGroup>
    <ClCompile Include="stdafx.cpp">
      <Filter>Source Files</Filter>
    </ClCompile>
    <ClCompile Include="QingTest.cpp">
      <Filter>Source Files</Filter>
    </ClCompile>
    <ClCompile Include="..\..\..\Linux\basic\algorithm\001_MaxSubSum.cpp">
      <Filter>Reference\Basic\Algorithm</Filter>
    </ClCompile>
    <ClCompile Include="..\..\..\Linux\basic\algorithm\002_BinarySearch.cpp">
      <Filter>Reference\Basic\Algorithm</Filter>
    </ClCompile>
    <ClCompile Include="..\..\..\Linux\basic\algorithm\003_CommonMath.cpp">
      <Filter>Reference\Basic\Algorithm</Filter>
    </ClCompile>
    <ClCompile Include="..\..\..\Linux\basic\algorithm\AlgorithmTest.cpp">
      <Filter>Reference\Basic\Algorithm</Filter>
    </ClCompile>
  </ItemGroup>
</Project>