<?xml version="1.0" encoding="utf-8"?>
<Project ToolsVersion="4.0" xmlns="http://schemas.microsoft.com/developer/msbuild/2003">
  <ItemGroup>
    <Filter Include="Source Files">
      <UniqueIdentifier>{4FC737F1-C7A5-4376-A066-2A32D752A2FF}</UniqueIdentifier>
      <Extensions>cpp;c;cc;cxx;def;odl;idl;hpj;bat;asm;asmx</Extensions>
    </Filter>
    <Filter Include="Header Files">
      <UniqueIdentifier>{93995380-89BD-4b04-88EB-625FBE52EBFB}</UniqueIdentifier>
      <Extensions>h;hh;hpp;hxx;hm;inl;inc;xsd</Extensions>
    </Filter>
    <Filter Include="Resource Files">
      <UniqueIdentifier>{67DA6AB6-F800-4c08-8B7A-83BB121AAD01}</UniqueIdentifier>
      <Extensions>rc;ico;cur;bmp;dlg;rc2;rct;bin;rgs;gif;jpg;jpeg;jpe;resx;tiff;tif;png;wav;mfcribbon-ms</Extensions>
    </Filter>
    <Filter Include="Reference">
      <UniqueIdentifier>{d84b9cb9-425a-481e-99a6-05d7d26561a7}</UniqueIdentifier>
    </Filter>
    <Filter Include="Reference\Qing">
      <UniqueIdentifier>{01631da3-939d-496f-ae53-277b76602323}</UniqueIdentifier>
    </Filter>
    <Filter Include="UnitTest">
      <UniqueIdentifier>{5f763ee5-6762-4a5f-b237-b8a9c5144e17}</UniqueIdentifier>
    </Filter>
    <Filter Include="Reference\Basic">
      <UniqueIdentifier>{28f228c2-50e2-45cf-81a3-8dd8cda30499}</UniqueIdentifier>
    </Filter>
    <Filter Include="Reference\Basic\Algorithm">
      <UniqueIdentifier>{97a5ef51-bf29-4faf-96bf-1f88b84e9abb}</UniqueIdentifier>
    </Filter>
    <Filter Include="Reference\Qing\Boost">
      <UniqueIdentifier>{454b1b62-7daa-400f-b06c-270414261ea3}</UniqueIdentifier>
    </Filter>
    <Filter Include="Reference\Qing\Database">
      <UniqueIdentifier>{d20affc6-3025-45f1-82af-f0469f15313c}</UniqueIdentifier>
    </Filter>
    <Filter Include="Reference\Qing\Standard">
      <UniqueIdentifier>{6b920fe4-f54c-41f4-926e-9bc6ef1c7b4a}</UniqueIdentifier>
    </Filter>
    <Filter Include="Reference\Qing\System">
      <UniqueIdentifier>{73b67a88-720a-494b-88c4-3092aef33628}</UniqueIdentifier>
    </Filter>
  </ItemGroup>
  <ItemGroup>
    <Text Include="ReadMe.txt" />
  </ItemGroup>
  <ItemGroup>
    <ClInclude Include="stdafx.h">
      <Filter>Header Files</Filter>
    </ClInclude>
    <ClInclude Include="targetver.h">
      <Filter>Header Files</Filter>
    </ClInclude>
    <ClInclude Include="UnitTest\TestIniFile.h">
      <Filter>UnitTest</Filter>
    </ClInclude>
    <ClInclude Include="UnitTest\TestDatabase.h">
      <Filter>UnitTest</Filter>
    </ClInclude>
    <ClInclude Include="..\..\..\Linux\basic\algorithm\001_MaxSubSum.h">
      <Filter>Reference\Basic\Algorithm</Filter>
    </ClInclude>
    <ClInclude Include="..\..\..\Linux\basic\algorithm\002_BinarySearch.h">
      <Filter>Reference\Basic\Algorithm</Filter>
    </ClInclude>
    <ClInclude Include="..\..\..\Linux\basic\algorithm\003_CommonMath.h">
      <Filter>Reference\Basic\Algorithm</Filter>
    </ClInclude>
    <ClInclude Include="..\..\..\Linux\basic\algorithm\AlgorithmTest.h">
      <Filter>Reference\Basic\Algorithm</Filter>
    </ClInclude>
    <ClInclude Include="..\..\Qing\SourceCode\Boost\BoostFormat.h">
      <Filter>Reference\Qing\Boost</Filter>
    </ClInclude>
    <ClInclude Include="..\..\Qing\SourceCode\Boost\BoostLog.h">
      <Filter>Reference\Qing\Boost</Filter>
    </ClInclude>
    <ClInclude Include="..\..\Qing\SourceCode\Boost\BoostShare.h">
      <Filter>Reference\Qing\Boost</Filter>
    </ClInclude>
    <ClInclude Include="..\..\Qing\SourceCode\Database\MSSQLDatabase.h">
      <Filter>Reference\Qing\Database</Filter>
    </ClInclude>
    <ClInclude Include="..\..\Qing\SourceCode\Database\MySQLDatabase.h">
      <Filter>Reference\Qing\Database</Filter>
    </ClInclude>
    <ClInclude Include="..\..\Qing\SourceCode\Database\SQLiteDatabase.h">
      <Filter>Reference\Qing\Database</Filter>
    </ClInclude>
    <ClInclude Include="..\..\Qing\SourceCode\Standard\HexString.h">
      <Filter>Reference\Qing\Standard</Filter>
    </ClInclude>
    <ClInclude Include="..\..\Qing\SourceCode\Standard\NumericalConversion.h">
      <Filter>Reference\Qing\Standard</Filter>
    </ClInclude>
    <ClInclude Include="..\..\Qing\SourceCode\Standard\PermutationCombination.h">
      <Filter>Reference\Qing\Standard</Filter>
    </ClInclude>
    <ClInclude Include="..\..\Qing\SourceCode\Standard\RandomGenerator.h">
      <Filter>Reference\Qing\Standard</Filter>
    </ClInclude>
    <ClInclude Include="..\..\Qing\SourceCode\System\FileManager.h">
      <Filter>Reference\Qing\System</Filter>
    </ClInclude>
    <ClInclude Include="..\..\Qing\SourceCode\System\IniFile.h">
      <Filter>Reference\Qing\System</Filter>
    </ClInclude>
    <ClInclude Include="..\..\Qing\SourceCode\System\LocalComputer.h">
      <Filter>Reference\Qing\System</Filter>
    </ClInclude>
    <ClInclude Include="..\..\Qing\SourceCode\System\Network.h">
      <Filter>Reference\Qing\System</Filter>
    </ClInclude>
    <ClInclude Include="..\..\Qing\SourceCode\System\SingleProgram.h">
      <Filter>Reference\Qing\System</Filter>
    </ClInclude>
    <ClInclude Include="..\..\Qing\SourceCode\System\SystemShare.h">
      <Filter>Reference\Qing\System</Filter>
    </ClInclude>
  </ItemGroup>
  <ItemGroup>
    <ClCompile Include="stdafx.cpp">
      <Filter>Source Files</Filter>
    </ClCompile>
    <ClCompile Include="QingTest.cpp">
      <Filter>Source Files</Filter>
    </ClCompile>
    <ClCompile Include="..\..\..\Linux\basic\algorithm\001_MaxSubSum.cpp">
      <Filter>Reference\Basic\Algorithm</Filter>
    </ClCompile>
    <ClCompile Include="..\..\..\Linux\basic\algorithm\002_BinarySearch.cpp">
      <Filter>Reference\Basic\Algorithm</Filter>
    </ClCompile>
    <ClCompile Include="..\..\..\Linux\basic\algorithm\003_CommonMath.cpp">
      <Filter>Reference\Basic\Algorithm</Filter>
    </ClCompile>
    <ClCompile Include="..\..\..\Linux\basic\algorithm\AlgorithmTest.cpp">
      <Filter>Reference\Basic\Algorithm</Filter>
    </ClCompile>
  </ItemGroup>
</Project>