<?xml version="1.0" encoding="utf-8"?>
<Project ToolsVersion="4.0" xmlns="http://schemas.microsoft.com/developer/msbuild/2003">
  <ItemGroup>
    <ClCompile Include="main.cpp" />
  </ItemGroup>
  <ItemGroup>
    <ClInclude Include="src\OS.h" />
    <ClInclude Include="src\demo\demo1_client_read_write.h">
      <Filter>demo</Filter>
    </ClInclude>
    <ClInclude Include="src\demo\demo1_server_read_write.h">
      <Filter>demo</Filter>
    </ClInclude>
    <ClInclude Include="src\demo\demo2_client_bufferevent.h">
      <Filter>demo</Filter>
    </ClInclude>
    <ClInclude Include="src\demo\demo2_server_bufferevent.h">
      <Filter>demo</Filter>
    </ClInclude>
    <ClInclude Include="src\demo\demo3_client_evconnlistener.h">
      <Filter>demo</Filter>
    </ClInclude>
    <ClInclude Include="src\demo\demo3_server_evconnlistener.h">
      <Filter>demo</Filter>
    </ClInclude>
    <ClInclude Include="src\demo\demo4_client_udp_timer.h">
      <Filter>demo</Filter>
    </ClInclude>
    <ClInclude Include="src\demo\demo4_server_udp_timer.h">
      <Filter>demo</Filter>
    </ClInclude>
    <ClInclude Include="src\demo\demo5_client_evhttp.h">
      <Filter>demo</Filter>
    </ClInclude>
    <ClInclude Include="src\demo\demo5_server_evconnlistener_http.h">
      <Filter>demo</Filter>
    </ClInclude>
    <ClInclude Include="src\demo\demo5_server_evhttp.h">
      <Filter>demo</Filter>
    </ClInclude>
    <ClInclude Include="src\demo\demo6_client_bufferevent_openssl.h">
      <Filter>demo</Filter>
    </ClInclude>
    <ClInclude Include="src\demo\demo6_server_bufferevent_openssl.h">
      <Filter>demo</Filter>
    </ClInclude>
    <ClInclude Include="src\demo\demo_main.h">
      <Filter>demo</Filter>
    </ClInclude>
    <ClInclude Include="src\study\study_main.h">
      <Filter>study</Filter>
    </ClInclude>
    <ClInclude Include="src\study\study1_timer.h">
      <Filter>study</Filter>
    </ClInclude>
  </ItemGroup>
  <ItemGroup>
    <Filter Include="demo">
      <UniqueIdentifier>{d800817b-1580-4732-b4dd-adbfe1c02ee2}</UniqueIdentifier>
    </Filter>
    <Filter Include="study">
      <UniqueIdentifier>{878b31de-9c9a-43cc-9e85-664f90a23b2e}</UniqueIdentifier>
    </Filter>
  </ItemGroup>
</Project>