<?xml version="1.0" encoding="utf-8"?>
<Project ToolsVersion="4.0" xmlns="http://schemas.microsoft.com/developer/msbuild/2003">
  <ItemGroup>
    <Filter Include="Example">
      <UniqueIdentifier>{40139fbd-0aca-4683-912e-87b919f7e341}</UniqueIdentifier>
    </Filter>
    <Filter Include="Example\C++11">
      <UniqueIdentifier>{7a07e085-85ac-4347-ba92-27496e8363fe}</UniqueIdentifier>
    </Filter>
    <Filter Include="Example\Primer">
      <UniqueIdentifier>{788cabb3-1522-4b10-854e-63e81dc8451e}</UniqueIdentifier>
    </Filter>
  </ItemGroup>
  <ItemGroup>
    <ClInclude Include="src\Example\Effective.h">
      <Filter>Example</Filter>
    </ClInclude>
    <ClInclude Include="src\Example\IOExample.h">
      <Filter>Example</Filter>
    </ClInclude>
    <ClInclude Include="src\Example\StringVector.h">
      <Filter>Example</Filter>
    </ClInclude>
    <ClInclude Include="src\Common.h" />
    <ClInclude Include="src\HexString.h" />
    <ClInclude Include="src\NumericalConversion.h" />
    <ClInclude Include="src\PermutationCombination.h" />
    <ClInclude Include="src\RandomGenerator.h" />
    <ClInclude Include="src\StandardShare.h" />
    <ClInclude Include="src\Example\C++11\NewFeatures.h">
      <Filter>Example\C++11</Filter>
    </ClInclude>
    <ClInclude Include="src\Example\C++11\CommonTools.h">
      <Filter>Example\C++11</Filter>
    </ClInclude>
    <ClInclude Include="src\Example\Primer\Chapter1.h">
      <Filter>Example\Primer</Filter>
    </ClInclude>
    <ClInclude Include="src\Example\Primer\PrimerMain.h">
      <Filter>Example\Primer</Filter>
    </ClInclude>
    <ClInclude Include="StandardNamespace.h" />
    <ClInclude Include="src\Example\Primer\Sales_item.h">
      <Filter>Example\Primer</Filter>
    </ClInclude>
    <ClInclude Include="src\Example\Primer\Chapter2.h">
      <Filter>Example\Primer</Filter>
    </ClInclude>
  </ItemGroup>
  <ItemGroup>
    <ClCompile Include="main.cpp" />
    <ClCompile Include="src\NumericalConversion.cpp" />
    <ClCompile Include="src\RandomGenerator.cpp" />
  </ItemGroup>
</Project>