<?xml version="1.0" encoding="utf-8"?>
<Project ToolsVersion="4.0" xmlns="http://schemas.microsoft.com/developer/msbuild/2003">
  <ItemGroup>
    <Filter Include="Source Files">
      <UniqueIdentifier>{4FC737F1-C7A5-4376-A066-2A32D752A2FF}</UniqueIdentifier>
      <Extensions>cpp;c;cc;cxx;def;odl;idl;hpj;bat;asm;asmx</Extensions>
    </Filter>
    <Filter Include="Header Files">
      <UniqueIdentifier>{93995380-89BD-4b04-88EB-625FBE52EBFB}</UniqueIdentifier>
      <Extensions>h;hh;hpp;hxx;hm;inl;inc;xsd</Extensions>
    </Filter>
    <Filter Include="Resource Files">
      <UniqueIdentifier>{67DA6AB6-F800-4c08-8B7A-83BB121AAD01}</UniqueIdentifier>
      <Extensions>rc;ico;cur;bmp;dlg;rc2;rct;bin;rgs;gif;jpg;jpeg;jpe;resx;tiff;tif;png;wav;mfcribbon-ms</Extensions>
    </Filter>
    <Filter Include="ITA">
      <UniqueIdentifier>{2b19381f-0837-42ee-8376-3ca1c08885f0}</UniqueIdentifier>
    </Filter>
    <Filter Include="LeetCode">
      <UniqueIdentifier>{e2b5721c-e0f0-4356-ad17-295ea109341a}</UniqueIdentifier>
    </Filter>
  </ItemGroup>
  <ItemGroup>
    <ClCompile Include="..\AlgorithmLinux\main.cpp">
      <Filter>Source Files</Filter>
    </ClCompile>
    <ClCompile Include="..\AlgorithmLinux\src\ITA\001_MaxSubSum.cpp">
      <Filter>ITA</Filter>
    </ClCompile>
    <ClCompile Include="..\AlgorithmLinux\src\ITA\002_BinarySearch.cpp">
      <Filter>ITA</Filter>
    </ClCompile>
    <ClCompile Include="..\AlgorithmLinux\src\ITA\003_CommonMath.cpp">
      <Filter>ITA</Filter>
    </ClCompile>
    <ClCompile Include="..\AlgorithmLinux\src\ITA\004_VectorLite.cpp">
      <Filter>ITA</Filter>
    </ClCompile>
    <ClCompile Include="..\AlgorithmLinux\src\ITA\AlgorithmTest.cpp">
      <Filter>ITA</Filter>
    </ClCompile>
  </ItemGroup>
  <ItemGroup>
    <ClInclude Include="..\AlgorithmLinux\src\ITA\001_MaxSubSum.h">
      <Filter>ITA</Filter>
    </ClInclude>
    <ClInclude Include="..\AlgorithmLinux\src\ITA\002_BinarySearch.h">
      <Filter>ITA</Filter>
    </ClInclude>
    <ClInclude Include="..\AlgorithmLinux\src\ITA\003_CommonMath.h">
      <Filter>ITA</Filter>
    </ClInclude>
    <ClInclude Include="..\AlgorithmLinux\src\ITA\004_VectorLite.h">
      <Filter>ITA</Filter>
    </ClInclude>
    <ClInclude Include="..\AlgorithmLinux\src\ITA\AlgorithmTest.h">
      <Filter>ITA</Filter>
    </ClInclude>
    <ClInclude Include="..\AlgorithmLinux\src\LeetCode\0001_TwoSum.h">
      <Filter>LeetCode</Filter>
    </ClInclude>
    <ClInclude Include="..\AlgorithmLinux\src\LeetCode\LeetCodeTest.h">
      <Filter>LeetCode</Filter>
    </ClInclude>
    <ClInclude Include="..\AlgorithmLinux\src\LeetCode\0002_AddTwoNumbers.h">
      <Filter>LeetCode</Filter>
    </ClInclude>
  </ItemGroup>
</Project>