<?xml version="1.0" encoding="utf-8"?>
<Project ToolsVersion="4.0" xmlns="http://schemas.microsoft.com/developer/msbuild/2003">
  <ItemGroup>
    <Filter Include="Common">
      <UniqueIdentifier>{9a9e3575-1d1f-48f1-95a2-1b1a9b35ab61}</UniqueIdentifier>
    </Filter>
    <Filter Include="Common\Algorithm">
      <UniqueIdentifier>{54b4acfc-68bf-4e64-97ad-cbe9e573e8ac}</UniqueIdentifier>
    </Filter>
    <Filter Include="UNIX">
      <UniqueIdentifier>{0e0c529e-5634-45b2-8da0-1c3c509e74d4}</UniqueIdentifier>
    </Filter>
    <Filter Include="Common\DesignPatterns">
      <UniqueIdentifier>{5d3f0a21-49fa-4d41-b118-d93efd859360}</UniqueIdentifier>
    </Filter>
    <Filter Include="Common\Example">
      <UniqueIdentifier>{6ee288df-324f-4a0b-8303-8554089eb551}</UniqueIdentifier>
    </Filter>
    <Filter Include="YouShuang">
      <UniqueIdentifier>{648a5db2-72a7-45dd-a595-57af84c1124b}</UniqueIdentifier>
    </Filter>
    <Filter Include="Common\Tool">
      <UniqueIdentifier>{e506eba8-7e55-4f24-a8ac-dd85e9ba55e9}</UniqueIdentifier>
    </Filter>
    <Filter Include="UNIX\Chapter1">
      <UniqueIdentifier>{973eabc3-1956-416d-baa9-0e9e90491ca2}</UniqueIdentifier>
    </Filter>
    <Filter Include="YouShuang\Chapter5">
      <UniqueIdentifier>{d96cc4ca-6d17-4aa5-9715-b97d9b458ffb}</UniqueIdentifier>
    </Filter>
    <Filter Include="YouShuang\Chapter6">
      <UniqueIdentifier>{03bc4cda-ba19-416a-9969-a9d2863fc512}</UniqueIdentifier>
    </Filter>
    <Filter Include="YouShuang\Chapter7">
      <UniqueIdentifier>{5cc09146-03e1-454c-b73b-802dba8fecbb}</UniqueIdentifier>
    </Filter>
    <Filter Include="YouShuang\Chapter8">
      <UniqueIdentifier>{83c68fa7-5beb-455a-b1a8-93ca8fabac04}</UniqueIdentifier>
    </Filter>
    <Filter Include="YouShuang\Chapter9">
      <UniqueIdentifier>{e851c367-8b18-40ed-b2fa-3409efa3e1d4}</UniqueIdentifier>
    </Filter>
    <Filter Include="Qing">
      <UniqueIdentifier>{bab9ad82-351d-4d61-9d9d-c817a61b34ef}</UniqueIdentifier>
    </Filter>
    <Filter Include="Open">
      <UniqueIdentifier>{7414b6c1-e3c5-40a7-a596-be160ce93b2c}</UniqueIdentifier>
    </Filter>
    <Filter Include="Open\libevent">
      <UniqueIdentifier>{3e83783f-22a8-441e-b9f4-74f6f47a3379}</UniqueIdentifier>
    </Filter>
    <Filter Include="Open\openssl">
      <UniqueIdentifier>{81ae3a57-6f68-4811-8aa2-ea31100e4d7b}</UniqueIdentifier>
    </Filter>
    <Filter Include="Open\project">
      <UniqueIdentifier>{b0bb337e-d96e-41bd-9b01-923220dc6b71}</UniqueIdentifier>
    </Filter>
    <Filter Include="Open\protobuf">
      <UniqueIdentifier>{207b1f2f-6c84-44c7-9e49-bc66d9bb30f3}</UniqueIdentifier>
    </Filter>
    <Filter Include="Open\project\Network">
      <UniqueIdentifier>{a0fc19f9-011e-48de-99c5-bb77d1fc77ca}</UniqueIdentifier>
    </Filter>
    <Filter Include="Open\project\Message">
      <UniqueIdentifier>{bf3e4310-e1d5-44e8-85f6-e0ef984a3bbf}</UniqueIdentifier>
    </Filter>
  </ItemGroup>
  <ItemGroup>
    <ClCompile Include="main.cpp" />
    <ClCompile Include="..\..\Common\Algorithm\001_MaxSubSum.cpp">
      <Filter>Common\Algorithm</Filter>
    </ClCompile>
    <ClCompile Include="..\..\Common\Algorithm\002_BinarySearch.cpp">
      <Filter>Common\Algorithm</Filter>
    </ClCompile>
    <ClCompile Include="..\..\Common\Algorithm\003_CommonMath.cpp">
      <Filter>Common\Algorithm</Filter>
    </ClCompile>
    <ClCompile Include="..\..\Common\Algorithm\004_VectorLite.cpp">
      <Filter>Common\Algorithm</Filter>
    </ClCompile>
    <ClCompile Include="..\..\Common\Algorithm\AlgorithmTest.cpp">
      <Filter>Common\Algorithm</Filter>
    </ClCompile>
    <ClCompile Include="..\..\Common\DesignPatterns\AbstractFactory.cpp">
      <Filter>Common\DesignPatterns</Filter>
    </ClCompile>
    <ClCompile Include="..\..\Common\DesignPatterns\Adapter.cpp">
      <Filter>Common\DesignPatterns</Filter>
    </ClCompile>
    <ClCompile Include="..\..\Common\DesignPatterns\Bridge.cpp">
      <Filter>Common\DesignPatterns</Filter>
    </ClCompile>
    <ClCompile Include="..\..\Common\DesignPatterns\Builder.cpp">
      <Filter>Common\DesignPatterns</Filter>
    </ClCompile>
    <ClCompile Include="..\..\Common\DesignPatterns\Decorator.cpp">
      <Filter>Common\DesignPatterns</Filter>
    </ClCompile>
    <ClCompile Include="..\..\Common\DesignPatterns\FactoryMethod.cpp">
      <Filter>Common\DesignPatterns</Filter>
    </ClCompile>
    <ClCompile Include="..\..\Common\DesignPatterns\Prototype.cpp">
      <Filter>Common\DesignPatterns</Filter>
    </ClCompile>
    <ClCompile Include="..\..\Common\DesignPatterns\SimpleFactory.cpp">
      <Filter>Common\DesignPatterns</Filter>
    </ClCompile>
    <ClCompile Include="..\..\Common\DesignPatterns\Singleton.cpp">
      <Filter>Common\DesignPatterns</Filter>
    </ClCompile>
    <ClCompile Include="Qing\NetworkBase.cpp">
      <Filter>Qing</Filter>
    </ClCompile>
    <ClCompile Include="Qing\NetworkClient.cpp">
      <Filter>Qing</Filter>
    </ClCompile>
    <ClCompile Include="Qing\NetworkServer.cpp">
      <Filter>Qing</Filter>
    </ClCompile>
    <ClCompile Include="Open\protobuf\user.pb.cc">
      <Filter>Open\protobuf</Filter>
    </ClCompile>
    <ClCompile Include="Open\protobuf\base.pb.cc">
      <Filter>Open\protobuf</Filter>
    </ClCompile>
    <ClCompile Include="Open\project\Client.cpp">
      <Filter>Open\project</Filter>
    </ClCompile>
    <ClCompile Include="Open\project\Network\HTTPServer.cpp">
      <Filter>Open\project\Network</Filter>
    </ClCompile>
    <ClCompile Include="Open\project\Network\MessageHandler.cpp">
      <Filter>Open\project\Network</Filter>
    </ClCompile>
    <ClCompile Include="Open\project\Network\MultiEventBaseServer.cpp">
      <Filter>Open\project\Network</Filter>
    </ClCompile>
    <ClCompile Include="Open\project\Network\SignalEventMap.cpp">
      <Filter>Open\project\Network</Filter>
    </ClCompile>
    <ClCompile Include="Open\project\Network\SingleEventBaseClient.cpp">
      <Filter>Open\project\Network</Filter>
    </ClCompile>
    <ClCompile Include="Open\project\Network\SingleEventBaseServer.cpp">
      <Filter>Open\project\Network</Filter>
    </ClCompile>
    <ClCompile Include="Open\project\Network\UDPBroadcast.cpp">
      <Filter>Open\project\Network</Filter>
    </ClCompile>
    <ClCompile Include="Open\project\Message\project.pb.cc">
      <Filter>Open\project\Message</Filter>
    </ClCompile>
    <ClCompile Include="Open\project\SingleServer.cpp">
      <Filter>Open\project</Filter>
    </ClCompile>
  </ItemGroup>
  <ItemGroup>
    <ClInclude Include="..\..\Common\Algorithm\001_MaxSubSum.h">
      <Filter>Common\Algorithm</Filter>
    </ClInclude>
    <ClInclude Include="..\..\Common\Algorithm\002_BinarySearch.h">
      <Filter>Common\Algorithm</Filter>
    </ClInclude>
    <ClInclude Include="..\..\Common\Algorithm\003_CommonMath.h">
      <Filter>Common\Algorithm</Filter>
    </ClInclude>
    <ClInclude Include="..\..\Common\Algorithm\004_VectorLite.h">
      <Filter>Common\Algorithm</Filter>
    </ClInclude>
    <ClInclude Include="..\..\Common\Algorithm\AlgorithmTest.h">
      <Filter>Common\Algorithm</Filter>
    </ClInclude>
    <ClInclude Include="..\..\Common\DesignPatterns\AbstractFactory.h">
      <Filter>Common\DesignPatterns</Filter>
    </ClInclude>
    <ClInclude Include="..\..\Common\DesignPatterns\Adapter.h">
      <Filter>Common\DesignPatterns</Filter>
    </ClInclude>
    <ClInclude Include="..\..\Common\DesignPatterns\Bridge.h">
      <Filter>Common\DesignPatterns</Filter>
    </ClInclude>
    <ClInclude Include="..\..\Common\DesignPatterns\Builder.h">
      <Filter>Common\DesignPatterns</Filter>
    </ClInclude>
    <ClInclude Include="..\..\Common\DesignPatterns\Decorator.h">
      <Filter>Common\DesignPatterns</Filter>
    </ClInclude>
    <ClInclude Include="..\..\Common\DesignPatterns\FactoryMethod.h">
      <Filter>Common\DesignPatterns</Filter>
    </ClInclude>
    <ClInclude Include="..\..\Common\DesignPatterns\Prototype.h">
      <Filter>Common\DesignPatterns</Filter>
    </ClInclude>
    <ClInclude Include="..\..\Common\DesignPatterns\SimpleFactory.h">
      <Filter>Common\DesignPatterns</Filter>
    </ClInclude>
    <ClInclude Include="..\..\Common\DesignPatterns\Singleton.h">
      <Filter>Common\DesignPatterns</Filter>
    </ClInclude>
    <ClInclude Include="..\..\Common\Example\Effective.h">
      <Filter>Common\Example</Filter>
    </ClInclude>
    <ClInclude Include="..\..\Common\Example\IOExample.h">
      <Filter>Common\Example</Filter>
    </ClInclude>
    <ClInclude Include="..\..\Common\Example\StringVector.h">
      <Filter>Common\Example</Filter>
    </ClInclude>
    <ClInclude Include="..\..\Common\Tool\Common.h">
      <Filter>Common\Tool</Filter>
    </ClInclude>
    <ClInclude Include="UNIX\Chapter1\list_file_name.h">
      <Filter>UNIX\Chapter1</Filter>
    </ClInclude>
    <ClInclude Include="UNIX\Chapter1\copy_stdin_stdout_standard.h">
      <Filter>UNIX\Chapter1</Filter>
    </ClInclude>
    <ClInclude Include="UNIX\Chapter1\copy_stdin_stdout_nobuffer.h">
      <Filter>UNIX\Chapter1</Filter>
    </ClInclude>
    <ClInclude Include="YouShuang\Chapter5\backlog_test.h">
      <Filter>YouShuang\Chapter5</Filter>
    </ClInclude>
    <ClInclude Include="YouShuang\Chapter5\accept_exception.h">
      <Filter>YouShuang\Chapter5</Filter>
    </ClInclude>
    <ClInclude Include="YouShuang\Chapter5\oob_data_client.h">
      <Filter>YouShuang\Chapter5</Filter>
    </ClInclude>
    <ClInclude Include="YouShuang\Chapter5\oob_data_server.h">
      <Filter>YouShuang\Chapter5</Filter>
    </ClInclude>
    <ClInclude Include="YouShuang\Chapter5\change_tcp_buffer_size_client.h">
      <Filter>YouShuang\Chapter5</Filter>
    </ClInclude>
    <ClInclude Include="YouShuang\Chapter5\change_tcp_buffer_size_server.h">
      <Filter>YouShuang\Chapter5</Filter>
    </ClInclude>
    <ClInclude Include="YouShuang\Chapter5\daytime.h">
      <Filter>YouShuang\Chapter5</Filter>
    </ClInclude>
    <ClInclude Include="YouShuang\Chapter6\cgi_server.h">
      <Filter>YouShuang\Chapter6</Filter>
    </ClInclude>
    <ClInclude Include="YouShuang\Chapter6\writev_server.h">
      <Filter>YouShuang\Chapter6</Filter>
    </ClInclude>
    <ClInclude Include="YouShuang\Chapter6\sendfile_server.h">
      <Filter>YouShuang\Chapter6</Filter>
    </ClInclude>
    <ClInclude Include="YouShuang\Chapter6\splice_server.h">
      <Filter>YouShuang\Chapter6</Filter>
    </ClInclude>
    <ClInclude Include="YouShuang\Chapter6\tee_server.h">
      <Filter>YouShuang\Chapter6</Filter>
    </ClInclude>
    <ClInclude Include="YouShuang\Chapter7\switch_to_user.h">
      <Filter>YouShuang\Chapter7</Filter>
    </ClInclude>
    <ClInclude Include="YouShuang\Chapter7\daemonize_demo.h">
      <Filter>YouShuang\Chapter7</Filter>
    </ClInclude>
    <ClInclude Include="YouShuang\api_note.h">
      <Filter>YouShuang</Filter>
    </ClInclude>
    <ClInclude Include="Qing\NetworkBase.h">
      <Filter>Qing</Filter>
    </ClInclude>
    <ClInclude Include="YouShuang\Chapter8\http_demo.h">
      <Filter>YouShuang\Chapter8</Filter>
    </ClInclude>
    <ClInclude Include="YouShuang\Chapter9\select_demo.h">
      <Filter>YouShuang\Chapter9</Filter>
    </ClInclude>
    <ClInclude Include="YouShuang\Chapter9\select_server.h">
      <Filter>YouShuang\Chapter9</Filter>
    </ClInclude>
    <ClInclude Include="YouShuang\Chapter9\select_client.h">
      <Filter>YouShuang\Chapter9</Filter>
    </ClInclude>
    <ClInclude Include="Qing\NetworkClient.h">
      <Filter>Qing</Filter>
    </ClInclude>
    <ClInclude Include="Qing\NetworkServer.h">
      <Filter>Qing</Filter>
    </ClInclude>
    <ClInclude Include="LinuxTools.h" />
    <ClInclude Include="..\..\Common\Tool\HexString.h">
      <Filter>Common\Tool</Filter>
    </ClInclude>
    <ClInclude Include="Open\openssl\demo_DES.h">
      <Filter>Open\openssl</Filter>
    </ClInclude>
    <ClInclude Include="Open\openssl\demo_MD5.h">
      <Filter>Open\openssl</Filter>
    </ClInclude>
    <ClInclude Include="Open\openssl\demo_RSA.h">
      <Filter>Open\openssl</Filter>
    </ClInclude>
    <ClInclude Include="Open\openssl\demo_SHA256.h">
      <Filter>Open\openssl</Filter>
    </ClInclude>
    <ClInclude Include="Open\openssl\demo_test.h">
      <Filter>Open\openssl</Filter>
    </ClInclude>
    <ClInclude Include="Open\libevent\demo1_client_read_write.h">
      <Filter>Open\libevent</Filter>
    </ClInclude>
    <ClInclude Include="Open\libevent\demo1_server_read_write.h">
      <Filter>Open\libevent</Filter>
    </ClInclude>
    <ClInclude Include="Open\libevent\demo2_client_bufferevent.h">
      <Filter>Open\libevent</Filter>
    </ClInclude>
    <ClInclude Include="Open\libevent\demo2_server_bufferevent.h">
      <Filter>Open\libevent</Filter>
    </ClInclude>
    <ClInclude Include="Open\libevent\demo3_client_evconnlistener.h">
      <Filter>Open\libevent</Filter>
    </ClInclude>
    <ClInclude Include="Open\libevent\demo3_server_evconnlistener.h">
      <Filter>Open\libevent</Filter>
    </ClInclude>
    <ClInclude Include="Open\libevent\demo4_client_udp_timer.h">
      <Filter>Open\libevent</Filter>
    </ClInclude>
    <ClInclude Include="Open\libevent\demo4_server_udp_timer.h">
      <Filter>Open\libevent</Filter>
    </ClInclude>
    <ClInclude Include="Open\libevent\demo5_client_evhttp.h">
      <Filter>Open\libevent</Filter>
    </ClInclude>
    <ClInclude Include="Open\libevent\demo5_server_evconnlistener_http.h">
      <Filter>Open\libevent</Filter>
    </ClInclude>
    <ClInclude Include="Open\libevent\demo5_server_evhttp.h">
      <Filter>Open\libevent</Filter>
    </ClInclude>
    <ClInclude Include="Open\libevent\demo6_client_bufferevent_openssl.h">
      <Filter>Open\libevent</Filter>
    </ClInclude>
    <ClInclude Include="Open\libevent\demo6_server_bufferevent_openssl.h">
      <Filter>Open\libevent</Filter>
    </ClInclude>
    <ClInclude Include="Open\openssl\demo_AES.h">
      <Filter>Open\openssl</Filter>
    </ClInclude>
    <ClInclude Include="Open\protobuf\user.pb.h">
      <Filter>Open\protobuf</Filter>
    </ClInclude>
    <ClInclude Include="Open\protobuf\base.pb.h">
      <Filter>Open\protobuf</Filter>
    </ClInclude>
    <ClInclude Include="Open\project\Client.h">
      <Filter>Open\project</Filter>
    </ClInclude>
    <ClInclude Include="Open\project\Network\HTTPServer.h">
      <Filter>Open\project\Network</Filter>
    </ClInclude>
    <ClInclude Include="Open\project\Network\MessageHandler.h">
      <Filter>Open\project\Network</Filter>
    </ClInclude>
    <ClInclude Include="Open\project\Network\MultiEventBaseServer.h">
      <Filter>Open\project\Network</Filter>
    </ClInclude>
    <ClInclude Include="Open\project\Network\SignalEventMap.h">
      <Filter>Open\project\Network</Filter>
    </ClInclude>
    <ClInclude Include="Open\project\Network\SingleEventBaseClient.h">
      <Filter>Open\project\Network</Filter>
    </ClInclude>
    <ClInclude Include="Open\project\Network\SingleEventBaseServer.h">
      <Filter>Open\project\Network</Filter>
    </ClInclude>
    <ClInclude Include="Open\project\Network\ThreadNode.h">
      <Filter>Open\project\Network</Filter>
    </ClInclude>
    <ClInclude Include="Open\project\Network\UDPBroadcast.h">
      <Filter>Open\project\Network</Filter>
    </ClInclude>
    <ClInclude Include="Open\project\Message\project.pb.h">
      <Filter>Open\project\Message</Filter>
    </ClInclude>
    <ClInclude Include="Open\protobuf\ProtobufDemo.h">
      <Filter>Open\protobuf</Filter>
    </ClInclude>
    <ClInclude Include="Open\project\SingleServer.h">
      <Filter>Open\project</Filter>
    </ClInclude>
    <ClInclude Include="UNIX\Chapter1\display_process_information.h">
      <Filter>UNIX\Chapter1</Filter>
    </ClInclude>
    <ClInclude Include="UNIX\Chapter1\exec_command_like_shell.h">
      <Filter>UNIX\Chapter1</Filter>
    </ClInclude>
    <ClInclude Include="UNIX\unix_main.h">
      <Filter>UNIX</Filter>
    </ClInclude>
  </ItemGroup>
  <ItemGroup>
    <Text Include="..\..\Common\Algorithm\CMakeLists.txt">
      <Filter>Common\Algorithm</Filter>
    </Text>
  </ItemGroup>
  <ItemGroup>
    <None Include="Open\protobuf\user.proto">
      <Filter>Open\protobuf</Filter>
    </None>
    <None Include="Open\protobuf\base.proto">
      <Filter>Open\protobuf</Filter>
    </None>
    <None Include="Open\project\Message\project.proto">
      <Filter>Open\project\Message</Filter>
    </None>
  </ItemGroup>
</Project>