<?xml version="1.0" encoding="utf-8"?>
<Project ToolsVersion="4.0" xmlns="http://schemas.microsoft.com/developer/msbuild/2003">
  <ItemGroup>
    <Filter Include="UNIX">
      <UniqueIdentifier>{0e0c529e-5634-45b2-8da0-1c3c509e74d4}</UniqueIdentifier>
    </Filter>
    <Filter Include="YouShuang">
      <UniqueIdentifier>{648a5db2-72a7-45dd-a595-57af84c1124b}</UniqueIdentifier>
    </Filter>
    <Filter Include="UNIX\Chapter1">
      <UniqueIdentifier>{973eabc3-1956-416d-baa9-0e9e90491ca2}</UniqueIdentifier>
    </Filter>
    <Filter Include="YouShuang\Chapter5">
      <UniqueIdentifier>{d96cc4ca-6d17-4aa5-9715-b97d9b458ffb}</UniqueIdentifier>
    </Filter>
    <Filter Include="YouShuang\Chapter6">
      <UniqueIdentifier>{03bc4cda-ba19-416a-9969-a9d2863fc512}</UniqueIdentifier>
    </Filter>
    <Filter Include="YouShuang\Chapter7">
      <UniqueIdentifier>{5cc09146-03e1-454c-b73b-802dba8fecbb}</UniqueIdentifier>
    </Filter>
    <Filter Include="YouShuang\Chapter8">
      <UniqueIdentifier>{83c68fa7-5beb-455a-b1a8-93ca8fabac04}</UniqueIdentifier>
    </Filter>
    <Filter Include="YouShuang\Chapter9">
      <UniqueIdentifier>{e851c367-8b18-40ed-b2fa-3409efa3e1d4}</UniqueIdentifier>
    </Filter>
    <Filter Include="Qing">
      <UniqueIdentifier>{bab9ad82-351d-4d61-9d9d-c817a61b34ef}</UniqueIdentifier>
    </Filter>
    <Filter Include="Open">
      <UniqueIdentifier>{7414b6c1-e3c5-40a7-a596-be160ce93b2c}</UniqueIdentifier>
    </Filter>
    <Filter Include="Open\libevent">
      <UniqueIdentifier>{3e83783f-22a8-441e-b9f4-74f6f47a3379}</UniqueIdentifier>
    </Filter>
    <Filter Include="Open\openssl">
      <UniqueIdentifier>{81ae3a57-6f68-4811-8aa2-ea31100e4d7b}</UniqueIdentifier>
    </Filter>
    <Filter Include="Open\project">
      <UniqueIdentifier>{b0bb337e-d96e-41bd-9b01-923220dc6b71}</UniqueIdentifier>
    </Filter>
    <Filter Include="Open\protobuf">
      <UniqueIdentifier>{207b1f2f-6c84-44c7-9e49-bc66d9bb30f3}</UniqueIdentifier>
    </Filter>
    <Filter Include="Open\project\core">
      <UniqueIdentifier>{a0aeb74d-52be-40e6-9e23-9dad4d78ee39}</UniqueIdentifier>
    </Filter>
    <Filter Include="Open\project\core\database">
      <UniqueIdentifier>{b3329931-1128-4cbb-a777-fe47be0e4294}</UniqueIdentifier>
    </Filter>
    <Filter Include="Open\project\core\network">
      <UniqueIdentifier>{ca03453a-7fdc-4a08-a3fe-c430b33efa78}</UniqueIdentifier>
    </Filter>
    <Filter Include="Open\project\core\tools">
      <UniqueIdentifier>{f260b3fa-a4c7-4b11-b4ad-124387ec8f25}</UniqueIdentifier>
    </Filter>
    <Filter Include="Open\project\message">
      <UniqueIdentifier>{bf3e4310-e1d5-44e8-85f6-e0ef984a3bbf}</UniqueIdentifier>
    </Filter>
    <Filter Include="Open\project\controller">
      <UniqueIdentifier>{4610c4e2-7aac-4ddc-ae84-4c739f9573eb}</UniqueIdentifier>
    </Filter>
    <Filter Include="Open\project\handler">
      <UniqueIdentifier>{0af088ab-d247-4cf7-9bdc-1c899fc21344}</UniqueIdentifier>
    </Filter>
    <Filter Include="Open\project\model">
      <UniqueIdentifier>{c0561234-52ca-42c2-950a-0572569b6ba0}</UniqueIdentifier>
    </Filter>
  </ItemGroup>
  <ItemGroup>
    <ClCompile Include="main.cpp" />
    <ClCompile Include="Qing\NetworkBase.cpp">
      <Filter>Qing</Filter>
    </ClCompile>
    <ClCompile Include="Qing\NetworkClient.cpp">
      <Filter>Qing</Filter>
    </ClCompile>
    <ClCompile Include="Qing\NetworkServer.cpp">
      <Filter>Qing</Filter>
    </ClCompile>
    <ClCompile Include="Open\protobuf\user.pb.cc">
      <Filter>Open\protobuf</Filter>
    </ClCompile>
    <ClCompile Include="Open\protobuf\base.pb.cc">
      <Filter>Open\protobuf</Filter>
    </ClCompile>
    <ClCompile Include="Open\project\core\database\Database.cpp">
      <Filter>Open\project\core\database</Filter>
    </ClCompile>
    <ClCompile Include="Open\project\core\database\MySQLDatabase.cpp">
      <Filter>Open\project\core\database</Filter>
    </ClCompile>
    <ClCompile Include="Open\project\core\network\HTTPBaseServer.cpp">
      <Filter>Open\project\core\network</Filter>
    </ClCompile>
    <ClCompile Include="Open\project\core\network\MultiEventBaseServer.cpp">
      <Filter>Open\project\core\network</Filter>
    </ClCompile>
    <ClCompile Include="Open\project\core\network\ServerNetworkMessageHandler.cpp">
      <Filter>Open\project\core\network</Filter>
    </ClCompile>
    <ClCompile Include="Open\project\core\network\SignalEventMap.cpp">
      <Filter>Open\project\core\network</Filter>
    </ClCompile>
    <ClCompile Include="Open\project\core\network\SingleEventBaseClient.cpp">
      <Filter>Open\project\core\network</Filter>
    </ClCompile>
    <ClCompile Include="Open\project\core\network\SingleEventBaseServer.cpp">
      <Filter>Open\project\core\network</Filter>
    </ClCompile>
    <ClCompile Include="Open\project\core\network\UDPBroadcast.cpp">
      <Filter>Open\project\core\network</Filter>
    </ClCompile>
    <ClCompile Include="Open\project\core\tools\BoostLog.cpp">
      <Filter>Open\project\core\tools</Filter>
    </ClCompile>
    <ClCompile Include="Open\project\message\project.pb.cc">
      <Filter>Open\project\message</Filter>
    </ClCompile>
    <ClCompile Include="Open\project\controller\Client.cpp">
      <Filter>Open\project\controller</Filter>
    </ClCompile>
    <ClCompile Include="Open\project\controller\MultiServer.cpp">
      <Filter>Open\project\controller</Filter>
    </ClCompile>
    <ClCompile Include="Open\project\controller\SingleServer.cpp">
      <Filter>Open\project\controller</Filter>
    </ClCompile>
    <ClCompile Include="Open\project\handler\Handler.cpp">
      <Filter>Open\project\handler</Filter>
    </ClCompile>
    <ClCompile Include="Open\project\handler\UserHandler.cpp">
      <Filter>Open\project\handler</Filter>
    </ClCompile>
    <ClCompile Include="Open\project\Config.cpp">
      <Filter>Open\project</Filter>
    </ClCompile>
    <ClCompile Include="Open\project\controller\HTTPServer.cpp">
      <Filter>Open\project\controller</Filter>
    </ClCompile>
  </ItemGroup>
  <ItemGroup>
    <ClInclude Include="UNIX\Chapter1\list_file_name.h">
      <Filter>UNIX\Chapter1</Filter>
    </ClInclude>
    <ClInclude Include="UNIX\Chapter1\copy_stdin_stdout_standard.h">
      <Filter>UNIX\Chapter1</Filter>
    </ClInclude>
    <ClInclude Include="UNIX\Chapter1\copy_stdin_stdout_nobuffer.h">
      <Filter>UNIX\Chapter1</Filter>
    </ClInclude>
    <ClInclude Include="YouShuang\Chapter5\backlog_test.h">
      <Filter>YouShuang\Chapter5</Filter>
    </ClInclude>
    <ClInclude Include="YouShuang\Chapter5\accept_exception.h">
      <Filter>YouShuang\Chapter5</Filter>
    </ClInclude>
    <ClInclude Include="YouShuang\Chapter5\oob_data_client.h">
      <Filter>YouShuang\Chapter5</Filter>
    </ClInclude>
    <ClInclude Include="YouShuang\Chapter5\oob_data_server.h">
      <Filter>YouShuang\Chapter5</Filter>
    </ClInclude>
    <ClInclude Include="YouShuang\Chapter5\change_tcp_buffer_size_client.h">
      <Filter>YouShuang\Chapter5</Filter>
    </ClInclude>
    <ClInclude Include="YouShuang\Chapter5\change_tcp_buffer_size_server.h">
      <Filter>YouShuang\Chapter5</Filter>
    </ClInclude>
    <ClInclude Include="YouShuang\Chapter5\daytime.h">
      <Filter>YouShuang\Chapter5</Filter>
    </ClInclude>
    <ClInclude Include="YouShuang\Chapter6\cgi_server.h">
      <Filter>YouShuang\Chapter6</Filter>
    </ClInclude>
    <ClInclude Include="YouShuang\Chapter6\writev_server.h">
      <Filter>YouShuang\Chapter6</Filter>
    </ClInclude>
    <ClInclude Include="YouShuang\Chapter6\sendfile_server.h">
      <Filter>YouShuang\Chapter6</Filter>
    </ClInclude>
    <ClInclude Include="YouShuang\Chapter6\splice_server.h">
      <Filter>YouShuang\Chapter6</Filter>
    </ClInclude>
    <ClInclude Include="YouShuang\Chapter6\tee_server.h">
      <Filter>YouShuang\Chapter6</Filter>
    </ClInclude>
    <ClInclude Include="YouShuang\Chapter7\switch_to_user.h">
      <Filter>YouShuang\Chapter7</Filter>
    </ClInclude>
    <ClInclude Include="YouShuang\Chapter7\daemonize_demo.h">
      <Filter>YouShuang\Chapter7</Filter>
    </ClInclude>
    <ClInclude Include="YouShuang\api_note.h">
      <Filter>YouShuang</Filter>
    </ClInclude>
    <ClInclude Include="Qing\NetworkBase.h">
      <Filter>Qing</Filter>
    </ClInclude>
    <ClInclude Include="YouShuang\Chapter8\http_demo.h">
      <Filter>YouShuang\Chapter8</Filter>
    </ClInclude>
    <ClInclude Include="YouShuang\Chapter9\select_demo.h">
      <Filter>YouShuang\Chapter9</Filter>
    </ClInclude>
    <ClInclude Include="YouShuang\Chapter9\select_server.h">
      <Filter>YouShuang\Chapter9</Filter>
    </ClInclude>
    <ClInclude Include="YouShuang\Chapter9\select_client.h">
      <Filter>YouShuang\Chapter9</Filter>
    </ClInclude>
    <ClInclude Include="Qing\NetworkClient.h">
      <Filter>Qing</Filter>
    </ClInclude>
    <ClInclude Include="Qing\NetworkServer.h">
      <Filter>Qing</Filter>
    </ClInclude>
    <ClInclude Include="LinuxTools.h" />
    <ClInclude Include="Open\openssl\demo_DES.h">
      <Filter>Open\openssl</Filter>
    </ClInclude>
    <ClInclude Include="Open\openssl\demo_MD5.h">
      <Filter>Open\openssl</Filter>
    </ClInclude>
    <ClInclude Include="Open\openssl\demo_RSA.h">
      <Filter>Open\openssl</Filter>
    </ClInclude>
    <ClInclude Include="Open\openssl\demo_SHA256.h">
      <Filter>Open\openssl</Filter>
    </ClInclude>
    <ClInclude Include="Open\openssl\demo_test.h">
      <Filter>Open\openssl</Filter>
    </ClInclude>
    <ClInclude Include="Open\libevent\demo1_client_read_write.h">
      <Filter>Open\libevent</Filter>
    </ClInclude>
    <ClInclude Include="Open\libevent\demo1_server_read_write.h">
      <Filter>Open\libevent</Filter>
    </ClInclude>
    <ClInclude Include="Open\libevent\demo2_client_bufferevent.h">
      <Filter>Open\libevent</Filter>
    </ClInclude>
    <ClInclude Include="Open\libevent\demo2_server_bufferevent.h">
      <Filter>Open\libevent</Filter>
    </ClInclude>
    <ClInclude Include="Open\libevent\demo3_client_evconnlistener.h">
      <Filter>Open\libevent</Filter>
    </ClInclude>
    <ClInclude Include="Open\libevent\demo3_server_evconnlistener.h">
      <Filter>Open\libevent</Filter>
    </ClInclude>
    <ClInclude Include="Open\libevent\demo4_client_udp_timer.h">
      <Filter>Open\libevent</Filter>
    </ClInclude>
    <ClInclude Include="Open\libevent\demo4_server_udp_timer.h">
      <Filter>Open\libevent</Filter>
    </ClInclude>
    <ClInclude Include="Open\libevent\demo5_client_evhttp.h">
      <Filter>Open\libevent</Filter>
    </ClInclude>
    <ClInclude Include="Open\libevent\demo5_server_evconnlistener_http.h">
      <Filter>Open\libevent</Filter>
    </ClInclude>
    <ClInclude Include="Open\libevent\demo5_server_evhttp.h">
      <Filter>Open\libevent</Filter>
    </ClInclude>
    <ClInclude Include="Open\libevent\demo6_client_bufferevent_openssl.h">
      <Filter>Open\libevent</Filter>
    </ClInclude>
    <ClInclude Include="Open\libevent\demo6_server_bufferevent_openssl.h">
      <Filter>Open\libevent</Filter>
    </ClInclude>
    <ClInclude Include="Open\openssl\demo_AES.h">
      <Filter>Open\openssl</Filter>
    </ClInclude>
    <ClInclude Include="Open\protobuf\user.pb.h">
      <Filter>Open\protobuf</Filter>
    </ClInclude>
    <ClInclude Include="Open\protobuf\base.pb.h">
      <Filter>Open\protobuf</Filter>
    </ClInclude>
    <ClInclude Include="UNIX\Chapter1\display_process_information.h">
      <Filter>UNIX\Chapter1</Filter>
    </ClInclude>
    <ClInclude Include="UNIX\Chapter1\exec_command_like_shell.h">
      <Filter>UNIX\Chapter1</Filter>
    </ClInclude>
    <ClInclude Include="UNIX\unix_main.h">
      <Filter>UNIX</Filter>
    </ClInclude>
    <ClInclude Include="UNIX\Chapter1\print_errno_message.h">
      <Filter>UNIX\Chapter1</Filter>
    </ClInclude>
    <ClInclude Include="UNIX\Chapter1\exec_command_like_shell_add_signal.h">
      <Filter>UNIX\Chapter1</Filter>
    </ClInclude>
    <ClInclude Include="Open\protobuf\demo_protobuf.h">
      <Filter>Open\protobuf</Filter>
    </ClInclude>
    <ClInclude Include="Open\project\core\database\Database.h">
      <Filter>Open\project\core\database</Filter>
    </ClInclude>
    <ClInclude Include="Open\project\core\database\MySQLDatabase.h">
      <Filter>Open\project\core\database</Filter>
    </ClInclude>
    <ClInclude Include="Open\project\core\network\HTTPBaseServer.h">
      <Filter>Open\project\core\network</Filter>
    </ClInclude>
    <ClInclude Include="Open\project\core\network\MultiEventBaseServer.h">
      <Filter>Open\project\core\network</Filter>
    </ClInclude>
    <ClInclude Include="Open\project\core\network\NetworkBase.h">
      <Filter>Open\project\core\network</Filter>
    </ClInclude>
    <ClInclude Include="Open\project\core\network\ServerNetworkMessageHandler.h">
      <Filter>Open\project\core\network</Filter>
    </ClInclude>
    <ClInclude Include="Open\project\core\network\SignalEventMap.h">
      <Filter>Open\project\core\network</Filter>
    </ClInclude>
    <ClInclude Include="Open\project\core\network\SingleEventBaseClient.h">
      <Filter>Open\project\core\network</Filter>
    </ClInclude>
    <ClInclude Include="Open\project\core\network\SingleEventBaseServer.h">
      <Filter>Open\project\core\network</Filter>
    </ClInclude>
    <ClInclude Include="Open\project\core\network\UDPBroadcast.h">
      <Filter>Open\project\core\network</Filter>
    </ClInclude>
    <ClInclude Include="Open\project\core\tools\BoostFormat.h">
      <Filter>Open\project\core\tools</Filter>
    </ClInclude>
    <ClInclude Include="Open\project\core\tools\BoostLog.h">
      <Filter>Open\project\core\tools</Filter>
    </ClInclude>
    <ClInclude Include="Open\project\core\tools\OpenSSLAES.h">
      <Filter>Open\project\core\tools</Filter>
    </ClInclude>
    <ClInclude Include="Open\project\message\CodedMessage.h">
      <Filter>Open\project\message</Filter>
    </ClInclude>
    <ClInclude Include="Open\project\message\project.pb.h">
      <Filter>Open\project\message</Filter>
    </ClInclude>
    <ClInclude Include="Open\project\controller\Client.h">
      <Filter>Open\project\controller</Filter>
    </ClInclude>
    <ClInclude Include="Open\project\controller\HTTPServer.h">
      <Filter>Open\project\controller</Filter>
    </ClInclude>
    <ClInclude Include="Open\project\controller\MultiServer.h">
      <Filter>Open\project\controller</Filter>
    </ClInclude>
    <ClInclude Include="Open\project\controller\SingleServer.h">
      <Filter>Open\project\controller</Filter>
    </ClInclude>
    <ClInclude Include="Open\project\handler\Handler.h">
      <Filter>Open\project\handler</Filter>
    </ClInclude>
    <ClInclude Include="Open\project\handler\UserHandler.h">
      <Filter>Open\project\handler</Filter>
    </ClInclude>
    <ClInclude Include="Open\project\model\Model.h">
      <Filter>Open\project\model</Filter>
    </ClInclude>
    <ClInclude Include="Open\project\Config.h">
      <Filter>Open\project</Filter>
    </ClInclude>
    <ClInclude Include="Open\project\Project.h">
      <Filter>Open\project</Filter>
    </ClInclude>
    <ClInclude Include="Open\project\core\tools\HexString.h">
      <Filter>Open\project\core\tools</Filter>
    </ClInclude>
  </ItemGroup>
  <ItemGroup>
    <None Include="Open\protobuf\user.proto">
      <Filter>Open\protobuf</Filter>
    </None>
    <None Include="Open\protobuf\base.proto">
      <Filter>Open\protobuf</Filter>
    </None>
    <None Include="Open\project\message\project.proto">
      <Filter>Open\project\message</Filter>
    </None>
  </ItemGroup>
</Project>