<?xml version="1.0" encoding="utf-8"?>
<Project ToolsVersion="4.0" xmlns="http://schemas.microsoft.com/developer/msbuild/2003">
  <ItemGroup>
    <Filter Include="PaiGowGame">
      <UniqueIdentifier>{4a132de2-3458-4228-b04e-85e2318860f1}</UniqueIdentifier>
    </Filter>
    <Filter Include="LibeventServer">
      <UniqueIdentifier>{d3961b83-97de-4efa-b923-ee1eef9a6d03}</UniqueIdentifier>
    </Filter>
    <Filter Include="PaiGowGame\HouseWay">
      <UniqueIdentifier>{71d4cadb-bd2d-4d31-9999-519c4a26f00f}</UniqueIdentifier>
    </Filter>
    <Filter Include="PaiGowGame\HouseWay\Bally">
      <UniqueIdentifier>{6033498d-037f-4c22-8cd2-ea7778c7023a}</UniqueIdentifier>
    </Filter>
    <Filter Include="PaiGowGame\HouseWay\Barona">
      <UniqueIdentifier>{25b94c8e-404d-46b7-9bf8-c0d34367d2e9}</UniqueIdentifier>
    </Filter>
    <Filter Include="PaiGowGame\HouseWay\BritishColumbia">
      <UniqueIdentifier>{905c8455-1d2b-46f5-a73c-464bb40b3687}</UniqueIdentifier>
    </Filter>
    <Filter Include="PaiGowGame\HouseWay\CanterburyPark">
      <UniqueIdentifier>{c8156515-4eb1-4f65-9792-0342c35bdd38}</UniqueIdentifier>
    </Filter>
    <Filter Include="PaiGowGame\HouseWay\Claridge">
      <UniqueIdentifier>{2f32325d-130c-40fe-bb90-0ac9544dca10}</UniqueIdentifier>
    </Filter>
    <Filter Include="PaiGowGame\HouseWay\FlamingoHilton">
      <UniqueIdentifier>{c955c175-82f4-4c49-badd-01e836a240cd}</UniqueIdentifier>
    </Filter>
    <Filter Include="PaiGowGame\HouseWay\FourQueens">
      <UniqueIdentifier>{074abbd2-4993-4a59-9fe2-9f4b65c77c45}</UniqueIdentifier>
    </Filter>
    <Filter Include="PaiGowGame\HouseWay\GoldenNugget">
      <UniqueIdentifier>{bb47c42a-7270-4020-bd0e-28c7e7941710}</UniqueIdentifier>
    </Filter>
    <Filter Include="PaiGowGame\HouseWay\SantaAnaStar">
      <UniqueIdentifier>{2c5b0b5d-6254-4edb-833e-5a6d376919ee}</UniqueIdentifier>
    </Filter>
    <Filter Include="PaiGowGame\HouseWay\TrumpPlaza">
      <UniqueIdentifier>{1d682873-a760-42bb-a693-0524658c4ea0}</UniqueIdentifier>
    </Filter>
    <Filter Include="LibeventServer\controller">
      <UniqueIdentifier>{bd7ffa80-dc00-4af7-9ea2-c7fecba54d49}</UniqueIdentifier>
    </Filter>
    <Filter Include="LibeventServer\core">
      <UniqueIdentifier>{b82b4251-d470-4342-aea2-8fb7651e058c}</UniqueIdentifier>
    </Filter>
    <Filter Include="LibeventServer\handler">
      <UniqueIdentifier>{113e5a4e-8b11-4627-bcc0-00737c66dc12}</UniqueIdentifier>
    </Filter>
    <Filter Include="LibeventServer\message">
      <UniqueIdentifier>{b3098a7b-dc32-43f2-9f91-9e0ef42a984c}</UniqueIdentifier>
    </Filter>
    <Filter Include="LibeventServer\model">
      <UniqueIdentifier>{746a2f84-3bff-41e1-8d1a-09e2ffb880aa}</UniqueIdentifier>
    </Filter>
    <Filter Include="LibeventServer\core\network">
      <UniqueIdentifier>{4c4dd0d5-11f1-47d6-8498-4f38dcc69576}</UniqueIdentifier>
    </Filter>
    <Filter Include="LibeventServer\core\tools">
      <UniqueIdentifier>{78e2db06-2a5a-47f5-b76d-98560eef1f92}</UniqueIdentifier>
    </Filter>
    <Filter Include="LibeventServer\handler\tcphandler">
      <UniqueIdentifier>{6de14d59-4027-436e-af9a-2c2785ba02d3}</UniqueIdentifier>
    </Filter>
    <Filter Include="LibeventServer\handler\httphandler">
      <UniqueIdentifier>{62618412-7b00-4d5b-a573-cd56f9791ce3}</UniqueIdentifier>
    </Filter>
    <Filter Include="Reference">
      <UniqueIdentifier>{f53d7506-1ca6-40c4-abee-c48804e2c8fa}</UniqueIdentifier>
    </Filter>
    <Filter Include="Reference\Boost">
      <UniqueIdentifier>{0f4e05ae-0256-4482-84a4-ae2409d02f8e}</UniqueIdentifier>
    </Filter>
    <Filter Include="Reference\Database">
      <UniqueIdentifier>{5e0c3f22-315c-4a66-ac49-d181cafbeacd}</UniqueIdentifier>
    </Filter>
  </ItemGroup>
  <ItemGroup>
    <ClCompile Include="PaiGowGame\HouseWay\Bally\BallyPokerHands.cpp">
      <Filter>PaiGowGame\HouseWay\Bally</Filter>
    </ClCompile>
    <ClCompile Include="PaiGowGame\HouseWay\Barona\BaronaPokerHands.cpp">
      <Filter>PaiGowGame\HouseWay\Barona</Filter>
    </ClCompile>
    <ClCompile Include="PaiGowGame\HouseWay\BritishColumbia\BritishColumbiaPokerHands.cpp">
      <Filter>PaiGowGame\HouseWay\BritishColumbia</Filter>
    </ClCompile>
    <ClCompile Include="PaiGowGame\HouseWay\CanterburyPark\CanterburyParkPokerHands.cpp">
      <Filter>PaiGowGame\HouseWay\CanterburyPark</Filter>
    </ClCompile>
    <ClCompile Include="PaiGowGame\HouseWay\Claridge\ClaridgePokerHands.cpp">
      <Filter>PaiGowGame\HouseWay\Claridge</Filter>
    </ClCompile>
    <ClCompile Include="PaiGowGame\HouseWay\FlamingoHilton\FlamingoHiltonPokerHands.cpp">
      <Filter>PaiGowGame\HouseWay\FlamingoHilton</Filter>
    </ClCompile>
    <ClCompile Include="PaiGowGame\HouseWay\FourQueens\FourQueensPokerHands.cpp">
      <Filter>PaiGowGame\HouseWay\FourQueens</Filter>
    </ClCompile>
    <ClCompile Include="PaiGowGame\HouseWay\GoldenNugget\GoldenNuggetPokerHands.cpp">
      <Filter>PaiGowGame\HouseWay\GoldenNugget</Filter>
    </ClCompile>
    <ClCompile Include="PaiGowGame\HouseWay\TrumpPlaza\TrumpPlazaPokerHands.cpp">
      <Filter>PaiGowGame\HouseWay\TrumpPlaza</Filter>
    </ClCompile>
    <ClCompile Include="PaiGowGame\HouseWay\SantaAnaStar\SantaAnaStarPokerHands.cpp">
      <Filter>PaiGowGame\HouseWay\SantaAnaStar</Filter>
    </ClCompile>
    <ClCompile Include="PaiGowGame\CardSuit.cpp">
      <Filter>PaiGowGame</Filter>
    </ClCompile>
    <ClCompile Include="PaiGowGame\CardValue.cpp">
      <Filter>PaiGowGame</Filter>
    </ClCompile>
    <ClCompile Include="PaiGowGame\PokerHands.cpp">
      <Filter>PaiGowGame</Filter>
    </ClCompile>
    <ClCompile Include="PaiGowGame\PokerHandsType.cpp">
      <Filter>PaiGowGame</Filter>
    </ClCompile>
    <ClCompile Include="main.cpp" />
    <ClCompile Include="LibeventServer\Config.cpp">
      <Filter>LibeventServer</Filter>
    </ClCompile>
    <ClCompile Include="LibeventServer\controller\Client.cpp">
      <Filter>LibeventServer\controller</Filter>
    </ClCompile>
    <ClCompile Include="LibeventServer\controller\HTTPServer.cpp">
      <Filter>LibeventServer\controller</Filter>
    </ClCompile>
    <ClCompile Include="LibeventServer\controller\MultiServer.cpp">
      <Filter>LibeventServer\controller</Filter>
    </ClCompile>
    <ClCompile Include="LibeventServer\controller\RestartManager.cpp">
      <Filter>LibeventServer\controller</Filter>
    </ClCompile>
    <ClCompile Include="LibeventServer\controller\SingleServer.cpp">
      <Filter>LibeventServer\controller</Filter>
    </ClCompile>
    <ClCompile Include="LibeventServer\controller\WatchDog.cpp">
      <Filter>LibeventServer\controller</Filter>
    </ClCompile>
    <ClCompile Include="LibeventServer\core\network\HTTPBaseServer.cpp">
      <Filter>LibeventServer\core\network</Filter>
    </ClCompile>
    <ClCompile Include="LibeventServer\core\network\HTTPSession.cpp">
      <Filter>LibeventServer\core\network</Filter>
    </ClCompile>
    <ClCompile Include="LibeventServer\core\network\MultiEventBaseServer.cpp">
      <Filter>LibeventServer\core\network</Filter>
    </ClCompile>
    <ClCompile Include="LibeventServer\core\network\NetworkBase.cpp">
      <Filter>LibeventServer\core\network</Filter>
    </ClCompile>
    <ClCompile Include="LibeventServer\core\network\ServerNetworkMessageHandler.cpp">
      <Filter>LibeventServer\core\network</Filter>
    </ClCompile>
    <ClCompile Include="LibeventServer\core\network\SignalEventMap.cpp">
      <Filter>LibeventServer\core\network</Filter>
    </ClCompile>
    <ClCompile Include="LibeventServer\core\network\SingleEventBaseClient.cpp">
      <Filter>LibeventServer\core\network</Filter>
    </ClCompile>
    <ClCompile Include="LibeventServer\core\network\SingleEventBaseServer.cpp">
      <Filter>LibeventServer\core\network</Filter>
    </ClCompile>
    <ClCompile Include="LibeventServer\core\network\ThreadNoticeQueue.cpp">
      <Filter>LibeventServer\core\network</Filter>
    </ClCompile>
    <ClCompile Include="LibeventServer\core\network\UDPBroadcast.cpp">
      <Filter>LibeventServer\core\network</Filter>
    </ClCompile>
    <ClCompile Include="LibeventServer\core\tools\Ethernet.cpp">
      <Filter>LibeventServer\core\tools</Filter>
    </ClCompile>
    <ClCompile Include="LibeventServer\handler\httphandler\HTTPHandler.cpp">
      <Filter>LibeventServer\handler\httphandler</Filter>
    </ClCompile>
    <ClCompile Include="LibeventServer\handler\tcphandler\TCPHandler.cpp">
      <Filter>LibeventServer\handler\tcphandler</Filter>
    </ClCompile>
    <ClCompile Include="LibeventServer\message\project.pb.cc">
      <Filter>LibeventServer\message</Filter>
    </ClCompile>
    <ClCompile Include="..\Share\Boost\BoostFileSystem.cpp">
      <Filter>Reference\Boost</Filter>
    </ClCompile>
    <ClCompile Include="..\Share\Boost\BoostLog.cpp">
      <Filter>Reference\Boost</Filter>
    </ClCompile>
    <ClCompile Include="..\Share\Boost\BoostTime.cpp">
      <Filter>Reference\Boost</Filter>
    </ClCompile>
    <ClCompile Include="..\Share\Database\Database.cpp">
      <Filter>Reference\Database</Filter>
    </ClCompile>
    <ClCompile Include="..\Share\Database\MySQLDatabase.cpp">
      <Filter>Reference\Database</Filter>
    </ClCompile>
  </ItemGroup>
  <ItemGroup>
    <ClInclude Include="PaiGowGame\HouseWay\Bally\BallyPokerHands.h">
      <Filter>PaiGowGame\HouseWay\Bally</Filter>
    </ClInclude>
    <ClInclude Include="PaiGowGame\HouseWay\Bally\BallyUnitTest.h">
      <Filter>PaiGowGame\HouseWay\Bally</Filter>
    </ClInclude>
    <ClInclude Include="PaiGowGame\HouseWay\Barona\BaronaPokerHands.h">
      <Filter>PaiGowGame\HouseWay\Barona</Filter>
    </ClInclude>
    <ClInclude Include="PaiGowGame\HouseWay\Barona\BaronaUnitTest.h">
      <Filter>PaiGowGame\HouseWay\Barona</Filter>
    </ClInclude>
    <ClInclude Include="PaiGowGame\HouseWay\BritishColumbia\BritishColumbiaPokerHands.h">
      <Filter>PaiGowGame\HouseWay\BritishColumbia</Filter>
    </ClInclude>
    <ClInclude Include="PaiGowGame\HouseWay\BritishColumbia\BritishColumbiaUnitTest.h">
      <Filter>PaiGowGame\HouseWay\BritishColumbia</Filter>
    </ClInclude>
    <ClInclude Include="PaiGowGame\HouseWay\CanterburyPark\CanterburyParkPokerHands.h">
      <Filter>PaiGowGame\HouseWay\CanterburyPark</Filter>
    </ClInclude>
    <ClInclude Include="PaiGowGame\HouseWay\CanterburyPark\CanterburyParkUnitTest.h">
      <Filter>PaiGowGame\HouseWay\CanterburyPark</Filter>
    </ClInclude>
    <ClInclude Include="PaiGowGame\HouseWay\Claridge\ClaridgePokerHands.h">
      <Filter>PaiGowGame\HouseWay\Claridge</Filter>
    </ClInclude>
    <ClInclude Include="PaiGowGame\HouseWay\Claridge\ClaridgeUnitTest.h">
      <Filter>PaiGowGame\HouseWay\Claridge</Filter>
    </ClInclude>
    <ClInclude Include="PaiGowGame\HouseWay\FlamingoHilton\FlamingoHiltonPokerHands.h">
      <Filter>PaiGowGame\HouseWay\FlamingoHilton</Filter>
    </ClInclude>
    <ClInclude Include="PaiGowGame\HouseWay\FlamingoHilton\FlamingoHiltonUnitTest.h">
      <Filter>PaiGowGame\HouseWay\FlamingoHilton</Filter>
    </ClInclude>
    <ClInclude Include="PaiGowGame\HouseWay\FourQueens\FourQueensPokerHands.h">
      <Filter>PaiGowGame\HouseWay\FourQueens</Filter>
    </ClInclude>
    <ClInclude Include="PaiGowGame\HouseWay\FourQueens\FourQueensUnitTest.h">
      <Filter>PaiGowGame\HouseWay\FourQueens</Filter>
    </ClInclude>
    <ClInclude Include="PaiGowGame\HouseWay\GoldenNugget\GoldenNuggetPokerHands.h">
      <Filter>PaiGowGame\HouseWay\GoldenNugget</Filter>
    </ClInclude>
    <ClInclude Include="PaiGowGame\HouseWay\GoldenNugget\GoldenNuggetUnitTest.h">
      <Filter>PaiGowGame\HouseWay\GoldenNugget</Filter>
    </ClInclude>
    <ClInclude Include="PaiGowGame\HouseWay\TrumpPlaza\TrumpPlazaPokerHands.h">
      <Filter>PaiGowGame\HouseWay\TrumpPlaza</Filter>
    </ClInclude>
    <ClInclude Include="PaiGowGame\HouseWay\TrumpPlaza\TrumpPlazaUnitTest.h">
      <Filter>PaiGowGame\HouseWay\TrumpPlaza</Filter>
    </ClInclude>
    <ClInclude Include="PaiGowGame\HouseWay\SantaAnaStar\SantaAnaStarPokerHands.h">
      <Filter>PaiGowGame\HouseWay\SantaAnaStar</Filter>
    </ClInclude>
    <ClInclude Include="PaiGowGame\HouseWay\SantaAnaStar\SantaAnaStarUnitTest.h">
      <Filter>PaiGowGame\HouseWay\SantaAnaStar</Filter>
    </ClInclude>
    <ClInclude Include="PaiGowGame\CardSuit.h">
      <Filter>PaiGowGame</Filter>
    </ClInclude>
    <ClInclude Include="PaiGowGame\CardValue.h">
      <Filter>PaiGowGame</Filter>
    </ClInclude>
    <ClInclude Include="PaiGowGame\HouseWayFactory.h">
      <Filter>PaiGowGame</Filter>
    </ClInclude>
    <ClInclude Include="PaiGowGame\PaiGowCommon.h">
      <Filter>PaiGowGame</Filter>
    </ClInclude>
    <ClInclude Include="PaiGowGame\PokerHands.h">
      <Filter>PaiGowGame</Filter>
    </ClInclude>
    <ClInclude Include="PaiGowGame\PokerHandsType.h">
      <Filter>PaiGowGame</Filter>
    </ClInclude>
    <ClInclude Include="PaiGowGame\PokerHandsUnitTest.h">
      <Filter>PaiGowGame</Filter>
    </ClInclude>
    <ClInclude Include="LibeventServer\Config.h">
      <Filter>LibeventServer</Filter>
    </ClInclude>
    <ClInclude Include="LibeventServer\controller\Client.h">
      <Filter>LibeventServer\controller</Filter>
    </ClInclude>
    <ClInclude Include="LibeventServer\controller\HTTPServer.h">
      <Filter>LibeventServer\controller</Filter>
    </ClInclude>
    <ClInclude Include="LibeventServer\controller\MultiServer.h">
      <Filter>LibeventServer\controller</Filter>
    </ClInclude>
    <ClInclude Include="LibeventServer\controller\RestartManager.h">
      <Filter>LibeventServer\controller</Filter>
    </ClInclude>
    <ClInclude Include="LibeventServer\controller\SingleServer.h">
      <Filter>LibeventServer\controller</Filter>
    </ClInclude>
    <ClInclude Include="LibeventServer\controller\WatchDog.h">
      <Filter>LibeventServer\controller</Filter>
    </ClInclude>
    <ClInclude Include="LibeventServer\core\network\HTTPBaseServer.h">
      <Filter>LibeventServer\core\network</Filter>
    </ClInclude>
    <ClInclude Include="LibeventServer\core\network\HTTPSession.h">
      <Filter>LibeventServer\core\network</Filter>
    </ClInclude>
    <ClInclude Include="LibeventServer\core\network\LibeventInterface.h">
      <Filter>LibeventServer\core\network</Filter>
    </ClInclude>
    <ClInclude Include="LibeventServer\core\network\MultiEventBaseServer.h">
      <Filter>LibeventServer\core\network</Filter>
    </ClInclude>
    <ClInclude Include="LibeventServer\core\network\NetworkBase.h">
      <Filter>LibeventServer\core\network</Filter>
    </ClInclude>
    <ClInclude Include="LibeventServer\core\network\ServerNetworkMessageHandler.h">
      <Filter>LibeventServer\core\network</Filter>
    </ClInclude>
    <ClInclude Include="LibeventServer\core\network\SignalEventMap.h">
      <Filter>LibeventServer\core\network</Filter>
    </ClInclude>
    <ClInclude Include="LibeventServer\core\network\SingleEventBaseClient.h">
      <Filter>LibeventServer\core\network</Filter>
    </ClInclude>
    <ClInclude Include="LibeventServer\core\network\SingleEventBaseServer.h">
      <Filter>LibeventServer\core\network</Filter>
    </ClInclude>
    <ClInclude Include="LibeventServer\core\network\ThreadNoticeQueue.h">
      <Filter>LibeventServer\core\network</Filter>
    </ClInclude>
    <ClInclude Include="LibeventServer\core\network\UDPBroadcast.h">
      <Filter>LibeventServer\core\network</Filter>
    </ClInclude>
    <ClInclude Include="LibeventServer\core\tools\Ethernet.h">
      <Filter>LibeventServer\core\tools</Filter>
    </ClInclude>
    <ClInclude Include="LibeventServer\core\tools\OpenSSLAES.h">
      <Filter>LibeventServer\core\tools</Filter>
    </ClInclude>
    <ClInclude Include="LibeventServer\core\tools\OpenSSLContext.h">
      <Filter>LibeventServer\core\tools</Filter>
    </ClInclude>
    <ClInclude Include="LibeventServer\handler\httphandler\HTTPHandler.h">
      <Filter>LibeventServer\handler\httphandler</Filter>
    </ClInclude>
    <ClInclude Include="LibeventServer\handler\tcphandler\TCPHandler.h">
      <Filter>LibeventServer\handler\tcphandler</Filter>
    </ClInclude>
    <ClInclude Include="LibeventServer\message\CodedMessage.h">
      <Filter>LibeventServer\message</Filter>
    </ClInclude>
    <ClInclude Include="LibeventServer\message\project.pb.h">
      <Filter>LibeventServer\message</Filter>
    </ClInclude>
    <ClInclude Include="LibeventServer\model\Model.h">
      <Filter>LibeventServer\model</Filter>
    </ClInclude>
    <ClInclude Include="..\Share\Boost\BoostFileSystem.h">
      <Filter>Reference\Boost</Filter>
    </ClInclude>
    <ClInclude Include="..\Share\Boost\BoostFormat.h">
      <Filter>Reference\Boost</Filter>
    </ClInclude>
    <ClInclude Include="..\Share\Boost\BoostLog.h">
      <Filter>Reference\Boost</Filter>
    </ClInclude>
    <ClInclude Include="..\Share\Boost\BoostTime.h">
      <Filter>Reference\Boost</Filter>
    </ClInclude>
    <ClInclude Include="..\Share\Boost\BoostTools.h">
      <Filter>Reference\Boost</Filter>
    </ClInclude>
    <ClInclude Include="LibeventServer\libevent_server_main.h">
      <Filter>LibeventServer</Filter>
    </ClInclude>
    <ClInclude Include="..\Share\Database\Database.h">
      <Filter>Reference\Database</Filter>
    </ClInclude>
    <ClInclude Include="..\Share\Database\MySQLDatabase.h">
      <Filter>Reference\Database</Filter>
    </ClInclude>
  </ItemGroup>
  <ItemGroup>
    <None Include="LibeventServer\message\project.proto">
      <Filter>LibeventServer\message</Filter>
    </None>
    <None Include="LibeventServer\config.ini">
      <Filter>LibeventServer</Filter>
    </None>
  </ItemGroup>
</Project>