<?xml version="1.0" encoding="utf-8"?>
<Project ToolsVersion="4.0" xmlns="http://schemas.microsoft.com/developer/msbuild/2003">
  <ItemGroup>
    <ClCompile Include="..\ProtobufLinux\src\base.pb.cc" />
    <ClCompile Include="..\ProtobufLinux\src\user.pb.cc" />
    <ClCompile Include="..\ProtobufLinux\main.cpp" />
  </ItemGroup>
  <ItemGroup>
    <ClInclude Include="..\ProtobufLinux\src\base.pb.h" />
    <ClInclude Include="..\ProtobufLinux\src\demo_protobuf.h" />
    <ClInclude Include="..\ProtobufLinux\src\user.pb.h" />
  </ItemGroup>
  <ItemGroup>
    <None Include="..\ProtobufLinux\src\base.proto" />
    <None Include="..\ProtobufLinux\src\user.proto" />
  </ItemGroup>
</Project>