<?xml version="1.0" encoding="utf-8"?>
<Project ToolsVersion="4.0" xmlns="http://schemas.microsoft.com/developer/msbuild/2003">
  <ItemGroup>
    <Filter Include="Common">
      <UniqueIdentifier>{e6102fe4-204e-4c16-b20d-c7e40a17a0a2}</UniqueIdentifier>
    </Filter>
    <Filter Include="Common\Algorithm">
      <UniqueIdentifier>{19b4d96e-fdb0-486f-9761-fe77a6620584}</UniqueIdentifier>
    </Filter>
    <Filter Include="Common\DesignPatterns">
      <UniqueIdentifier>{23c36af1-d30c-40d3-b7c1-5ddeb13dcfb3}</UniqueIdentifier>
    </Filter>
    <Filter Include="Common\Example">
      <UniqueIdentifier>{bb72dac2-3fac-4427-9a91-ff53b6f94325}</UniqueIdentifier>
    </Filter>
    <Filter Include="Common\Tool">
      <UniqueIdentifier>{77d452bf-f3e6-4c5c-91fe-3571158bd71d}</UniqueIdentifier>
    </Filter>
    <Filter Include="Common\Standard">
      <UniqueIdentifier>{a1784aee-9361-402c-ab22-ad4f00135ee3}</UniqueIdentifier>
    </Filter>
  </ItemGroup>
  <ItemGroup>
    <ClCompile Include="..\Common\Algorithm\001_MaxSubSum.cpp">
      <Filter>Common\Algorithm</Filter>
    </ClCompile>
    <ClCompile Include="..\Common\Algorithm\002_BinarySearch.cpp">
      <Filter>Common\Algorithm</Filter>
    </ClCompile>
    <ClCompile Include="..\Common\Algorithm\003_CommonMath.cpp">
      <Filter>Common\Algorithm</Filter>
    </ClCompile>
    <ClCompile Include="..\Common\Algorithm\004_VectorLite.cpp">
      <Filter>Common\Algorithm</Filter>
    </ClCompile>
    <ClCompile Include="..\Common\Algorithm\AlgorithmTest.cpp">
      <Filter>Common\Algorithm</Filter>
    </ClCompile>
    <ClCompile Include="main.cpp" />
    <ClCompile Include="..\Common\DesignPatterns\AbstractFactory.cpp">
      <Filter>Common\DesignPatterns</Filter>
    </ClCompile>
    <ClCompile Include="..\Common\DesignPatterns\Adapter.cpp">
      <Filter>Common\DesignPatterns</Filter>
    </ClCompile>
    <ClCompile Include="..\Common\DesignPatterns\Bridge.cpp">
      <Filter>Common\DesignPatterns</Filter>
    </ClCompile>
    <ClCompile Include="..\Common\DesignPatterns\Builder.cpp">
      <Filter>Common\DesignPatterns</Filter>
    </ClCompile>
    <ClCompile Include="..\Common\DesignPatterns\Decorator.cpp">
      <Filter>Common\DesignPatterns</Filter>
    </ClCompile>
    <ClCompile Include="..\Common\DesignPatterns\FactoryMethod.cpp">
      <Filter>Common\DesignPatterns</Filter>
    </ClCompile>
    <ClCompile Include="..\Common\DesignPatterns\Prototype.cpp">
      <Filter>Common\DesignPatterns</Filter>
    </ClCompile>
    <ClCompile Include="..\Common\DesignPatterns\SimpleFactory.cpp">
      <Filter>Common\DesignPatterns</Filter>
    </ClCompile>
    <ClCompile Include="..\Common\DesignPatterns\Singleton.cpp">
      <Filter>Common\DesignPatterns</Filter>
    </ClCompile>
    <ClCompile Include="..\Common\Standard\NumericalConversion.cpp">
      <Filter>Common\Standard</Filter>
    </ClCompile>
    <ClCompile Include="..\Common\Standard\RandomGenerator.cpp">
      <Filter>Common\Standard</Filter>
    </ClCompile>
  </ItemGroup>
  <ItemGroup>
    <ClInclude Include="..\Common\Algorithm\001_MaxSubSum.h">
      <Filter>Common\Algorithm</Filter>
    </ClInclude>
    <ClInclude Include="..\Common\Algorithm\002_BinarySearch.h">
      <Filter>Common\Algorithm</Filter>
    </ClInclude>
    <ClInclude Include="..\Common\Algorithm\003_CommonMath.h">
      <Filter>Common\Algorithm</Filter>
    </ClInclude>
    <ClInclude Include="..\Common\Algorithm\004_VectorLite.h">
      <Filter>Common\Algorithm</Filter>
    </ClInclude>
    <ClInclude Include="..\Common\Algorithm\AlgorithmTest.h">
      <Filter>Common\Algorithm</Filter>
    </ClInclude>
    <ClInclude Include="..\Common\DesignPatterns\AbstractFactory.h">
      <Filter>Common\DesignPatterns</Filter>
    </ClInclude>
    <ClInclude Include="..\Common\DesignPatterns\Adapter.h">
      <Filter>Common\DesignPatterns</Filter>
    </ClInclude>
    <ClInclude Include="..\Common\DesignPatterns\Bridge.h">
      <Filter>Common\DesignPatterns</Filter>
    </ClInclude>
    <ClInclude Include="..\Common\DesignPatterns\Builder.h">
      <Filter>Common\DesignPatterns</Filter>
    </ClInclude>
    <ClInclude Include="..\Common\DesignPatterns\Decorator.h">
      <Filter>Common\DesignPatterns</Filter>
    </ClInclude>
    <ClInclude Include="..\Common\DesignPatterns\FactoryMethod.h">
      <Filter>Common\DesignPatterns</Filter>
    </ClInclude>
    <ClInclude Include="..\Common\DesignPatterns\Prototype.h">
      <Filter>Common\DesignPatterns</Filter>
    </ClInclude>
    <ClInclude Include="..\Common\DesignPatterns\SimpleFactory.h">
      <Filter>Common\DesignPatterns</Filter>
    </ClInclude>
    <ClInclude Include="..\Common\DesignPatterns\Singleton.h">
      <Filter>Common\DesignPatterns</Filter>
    </ClInclude>
    <ClInclude Include="..\Common\Example\Effective.h">
      <Filter>Common\Example</Filter>
    </ClInclude>
    <ClInclude Include="..\Common\Example\IOExample.h">
      <Filter>Common\Example</Filter>
    </ClInclude>
    <ClInclude Include="..\Common\Example\StringVector.h">
      <Filter>Common\Example</Filter>
    </ClInclude>
    <ClInclude Include="..\Common\Tool\Common.h">
      <Filter>Common\Tool</Filter>
    </ClInclude>
    <ClInclude Include="..\Common\Tool\HexString.h">
      <Filter>Common\Tool</Filter>
    </ClInclude>
    <ClInclude Include="..\Common\Standard\NumericalConversion.h">
      <Filter>Common\Standard</Filter>
    </ClInclude>
    <ClInclude Include="..\Common\Standard\PermutationCombination.h">
      <Filter>Common\Standard</Filter>
    </ClInclude>
    <ClInclude Include="..\Common\Standard\RandomGenerator.h">
      <Filter>Common\Standard</Filter>
    </ClInclude>
    <ClInclude Include="..\Common\Standard\StandardShare.h">
      <Filter>Common\Standard</Filter>
    </ClInclude>
  </ItemGroup>
</Project>