<?xml version="1.0" encoding="utf-8"?>
<Project ToolsVersion="4.0" xmlns="http://schemas.microsoft.com/developer/msbuild/2003">
  <ItemGroup>
    <Filter Include="Source Files">
      <UniqueIdentifier>{4FC737F1-C7A5-4376-A066-2A32D752A2FF}</UniqueIdentifier>
      <Extensions>cpp;c;cc;cxx;def;odl;idl;hpj;bat;asm;asmx</Extensions>
    </Filter>
    <Filter Include="Header Files">
      <UniqueIdentifier>{93995380-89BD-4b04-88EB-625FBE52EBFB}</UniqueIdentifier>
      <Extensions>h;hh;hpp;hxx;hm;inl;inc;xsd</Extensions>
    </Filter>
    <Filter Include="Resource Files">
      <UniqueIdentifier>{67DA6AB6-F800-4c08-8B7A-83BB121AAD01}</UniqueIdentifier>
      <Extensions>rc;ico;cur;bmp;dlg;rc2;rct;bin;rgs;gif;jpg;jpeg;jpe;resx;tiff;tif;png;wav;mfcribbon-ms</Extensions>
    </Filter>
    <Filter Include="HeadFirst">
      <UniqueIdentifier>{d9e3861e-0c43-4af8-8363-d5e8b482c6ec}</UniqueIdentifier>
    </Filter>
    <Filter Include="HeadFirst\Observer">
      <UniqueIdentifier>{2b280cc0-987b-42c9-b341-19e816e83882}</UniqueIdentifier>
    </Filter>
    <Filter Include="HeadFirst\Strategy">
      <UniqueIdentifier>{4762b64a-185c-4623-96f0-8b2dc6887e69}</UniqueIdentifier>
    </Filter>
    <Filter Include="HeadFirst\Decorator">
      <UniqueIdentifier>{6cdc9dfe-4807-41cf-9881-4b23e07748e6}</UniqueIdentifier>
    </Filter>
    <Filter Include="HeadFirst\FactoryMethod">
      <UniqueIdentifier>{ce145291-0539-485d-895f-9b3380a2d91d}</UniqueIdentifier>
    </Filter>
    <Filter Include="HeadFirst\AbstractFactory">
      <UniqueIdentifier>{cb5eab9f-b539-43d4-a104-ec20093446f3}</UniqueIdentifier>
    </Filter>
    <Filter Include="HeadFirst\Singleton">
      <UniqueIdentifier>{53446c9a-f0cf-4762-9b5f-39af1343d2cd}</UniqueIdentifier>
    </Filter>
    <Filter Include="HeadFirst\Command">
      <UniqueIdentifier>{b4128de3-297d-4694-ac2a-98aee008bfa7}</UniqueIdentifier>
    </Filter>
    <Filter Include="HeadFirst\Adapter">
      <UniqueIdentifier>{e287fd00-c066-470e-852e-b51174a34359}</UniqueIdentifier>
    </Filter>
    <Filter Include="HeadFirst\Facade">
      <UniqueIdentifier>{db480994-3c5d-4421-a6d6-a0c74c6aa909}</UniqueIdentifier>
    </Filter>
    <Filter Include="HeadFirst\TemplateMethod">
      <UniqueIdentifier>{0be92d93-f012-4970-b819-39397eb6fab0}</UniqueIdentifier>
    </Filter>
    <Filter Include="HeadFirst\Iterator">
      <UniqueIdentifier>{deb42dd3-24b9-4888-9997-9066d83f6fc4}</UniqueIdentifier>
    </Filter>
  </ItemGroup>
  <ItemGroup>
    <ClInclude Include="AbstractFactory.h">
      <Filter>Header Files</Filter>
    </ClInclude>
    <ClInclude Include="Bridge.h">
      <Filter>Header Files</Filter>
    </ClInclude>
    <ClInclude Include="Builder.h">
      <Filter>Header Files</Filter>
    </ClInclude>
    <ClInclude Include="FactoryMethod.h">
      <Filter>Header Files</Filter>
    </ClInclude>
    <ClInclude Include="Prototype.h">
      <Filter>Header Files</Filter>
    </ClInclude>
    <ClInclude Include="SimpleFactory.h">
      <Filter>Header Files</Filter>
    </ClInclude>
    <ClInclude Include="HeadFirst\HeadFirstTestMain.h">
      <Filter>HeadFirst</Filter>
    </ClInclude>
    <ClInclude Include="HeadFirst\Observer\WeatherData.h">
      <Filter>HeadFirst\Observer</Filter>
    </ClInclude>
    <ClInclude Include="HeadFirst\Strategy\Duck.h">
      <Filter>HeadFirst\Strategy</Filter>
    </ClInclude>
    <ClInclude Include="HeadFirst\Strategy\FlyBehavior.h">
      <Filter>HeadFirst\Strategy</Filter>
    </ClInclude>
    <ClInclude Include="HeadFirst\Strategy\QuackBehavior.h">
      <Filter>HeadFirst\Strategy</Filter>
    </ClInclude>
    <ClInclude Include="HeadFirst\Observer\Subject.h">
      <Filter>HeadFirst\Observer</Filter>
    </ClInclude>
    <ClInclude Include="HeadFirst\Observer\Observer.h">
      <Filter>HeadFirst\Observer</Filter>
    </ClInclude>
    <ClInclude Include="HeadFirst\Observer\DisplayElement.h">
      <Filter>HeadFirst\Observer</Filter>
    </ClInclude>
    <ClInclude Include="HeadFirst\Decorator\Beverage.h">
      <Filter>HeadFirst\Decorator</Filter>
    </ClInclude>
    <ClInclude Include="HeadFirst\Decorator\CondimentDecorator.h">
      <Filter>HeadFirst\Decorator</Filter>
    </ClInclude>
    <ClInclude Include="HeadFirst\Decorator\CoffeeComponent.h">
      <Filter>HeadFirst\Decorator</Filter>
    </ClInclude>
    <ClInclude Include="HeadFirst\FactoryMethod\Pizza.h">
      <Filter>HeadFirst\FactoryMethod</Filter>
    </ClInclude>
    <ClInclude Include="HeadFirst\FactoryMethod\PizzaStore.h">
      <Filter>HeadFirst\FactoryMethod</Filter>
    </ClInclude>
    <ClInclude Include="HeadFirst\AbstractFactory\AFPizza.h">
      <Filter>HeadFirst\AbstractFactory</Filter>
    </ClInclude>
    <ClInclude Include="HeadFirst\AbstractFactory\PizzaIngredientFactory.h">
      <Filter>HeadFirst\AbstractFactory</Filter>
    </ClInclude>
    <ClInclude Include="HeadFirst\AbstractFactory\AFPizzaStore.h">
      <Filter>HeadFirst\AbstractFactory</Filter>
    </ClInclude>
    <ClInclude Include="HeadFirst\Singleton\SimpleSingleton.h">
      <Filter>HeadFirst\Singleton</Filter>
    </ClInclude>
    <ClInclude Include="HeadFirst\Singleton\ThreadSafeSingleton.h">
      <Filter>HeadFirst\Singleton</Filter>
    </ClInclude>
    <ClInclude Include="HeadFirst\Singleton\UnlockSafeSingleton.h">
      <Filter>HeadFirst\Singleton</Filter>
    </ClInclude>
    <ClInclude Include="HeadFirst\Singleton\NormalSingleton.h">
      <Filter>HeadFirst\Singleton</Filter>
    </ClInclude>
    <ClInclude Include="HeadFirst\Singleton\TemplateSingleton.h">
      <Filter>HeadFirst\Singleton</Filter>
    </ClInclude>
    <ClInclude Include="HeadFirst\Command\Command.h">
      <Filter>HeadFirst\Command</Filter>
    </ClInclude>
    <ClInclude Include="HeadFirst\Command\Control.h">
      <Filter>HeadFirst\Command</Filter>
    </ClInclude>
    <ClInclude Include="HeadFirst\Command\Tools.h">
      <Filter>HeadFirst\Command</Filter>
    </ClInclude>
    <ClInclude Include="HeadFirst\Adapter\Adapter.h">
      <Filter>HeadFirst\Adapter</Filter>
    </ClInclude>
    <ClInclude Include="HeadFirst\TemplateMethod\CaffeineBeverage.h">
      <Filter>HeadFirst\TemplateMethod</Filter>
    </ClInclude>
    <ClInclude Include="HeadFirst\Iterator\DinerMenu.h">
      <Filter>HeadFirst\Iterator</Filter>
    </ClInclude>
    <ClInclude Include="HeadFirst\Iterator\Iterator.h">
      <Filter>HeadFirst\Iterator</Filter>
    </ClInclude>
    <ClInclude Include="HeadFirst\Iterator\MenuItem.h">
      <Filter>HeadFirst\Iterator</Filter>
    </ClInclude>
    <ClInclude Include="HeadFirst\Iterator\PancakeHouseMenu.h">
      <Filter>HeadFirst\Iterator</Filter>
    </ClInclude>
    <ClInclude Include="HeadFirst\Iterator\Waitress.h">
      <Filter>HeadFirst\Iterator</Filter>
    </ClInclude>
  </ItemGroup>
  <ItemGroup>
    <ClCompile Include="AbstractFactory.cpp">
      <Filter>Source Files</Filter>
    </ClCompile>
    <ClCompile Include="Bridge.cpp">
      <Filter>Source Files</Filter>
    </ClCompile>
    <ClCompile Include="Builder.cpp">
      <Filter>Source Files</Filter>
    </ClCompile>
    <ClCompile Include="FactoryMethod.cpp">
      <Filter>Source Files</Filter>
    </ClCompile>
    <ClCompile Include="Prototype.cpp">
      <Filter>Source Files</Filter>
    </ClCompile>
    <ClCompile Include="SimpleFactory.cpp">
      <Filter>Source Files</Filter>
    </ClCompile>
    <ClCompile Include="main.cpp">
      <Filter>Source Files</Filter>
    </ClCompile>
  </ItemGroup>
</Project>