<?xml version="1.0" encoding="utf-8"?>
<Project ToolsVersion="4.0" xmlns="http://schemas.microsoft.com/developer/msbuild/2003">
  <ItemGroup>
    <Filter Include="01Strategy">
      <UniqueIdentifier>{f45d0e94-b38a-4afd-aae7-f5646c13e77b}</UniqueIdentifier>
    </Filter>
    <Filter Include="02Observer">
      <UniqueIdentifier>{fab2111d-9065-40fd-84c3-9984bfedcb05}</UniqueIdentifier>
    </Filter>
    <Filter Include="03Decorator">
      <UniqueIdentifier>{d4390eb4-b6fc-48fa-9ca7-d5edbdaa165e}</UniqueIdentifier>
    </Filter>
    <Filter Include="04Factory">
      <UniqueIdentifier>{fa4dab1c-8d31-412f-8094-665f22507c3a}</UniqueIdentifier>
    </Filter>
    <Filter Include="04Factory\02FactoryMethod">
      <UniqueIdentifier>{528f8860-7310-41c4-8cb7-c8cb9e9612ec}</UniqueIdentifier>
    </Filter>
    <Filter Include="04Factory\03AbstractFactory">
      <UniqueIdentifier>{7d4def8f-ce4a-4a28-9b6e-0721fcc7efd7}</UniqueIdentifier>
    </Filter>
    <Filter Include="04Factory\01SimpleFactory">
      <UniqueIdentifier>{e355b6c7-4ed7-49d0-b954-029f17d209cf}</UniqueIdentifier>
    </Filter>
    <Filter Include="05Singleton">
      <UniqueIdentifier>{787de98e-d74a-4591-9b30-774f3d8a85c2}</UniqueIdentifier>
    </Filter>
    <Filter Include="06Command">
      <UniqueIdentifier>{3cff70c0-c249-44c4-bf53-b8694290847f}</UniqueIdentifier>
    </Filter>
    <Filter Include="07Adapter">
      <UniqueIdentifier>{871d4392-ea0e-47cc-8c99-d9108a327005}</UniqueIdentifier>
    </Filter>
    <Filter Include="07Adapter\01ClassAdapter">
      <UniqueIdentifier>{6bb4866a-e67a-4115-a9ac-31c1f3c895ae}</UniqueIdentifier>
    </Filter>
    <Filter Include="07Adapter\02ObjectAdapter">
      <UniqueIdentifier>{bc1b5336-73f5-40c4-9d99-140dd86f0043}</UniqueIdentifier>
    </Filter>
    <Filter Include="08Facade">
      <UniqueIdentifier>{4a106c7c-c354-4b02-bbc0-5b065eb2cf87}</UniqueIdentifier>
    </Filter>
    <Filter Include="09TemplateMethod">
      <UniqueIdentifier>{8a0aa4ed-b6c8-483f-a529-5decefdf1c0f}</UniqueIdentifier>
    </Filter>
    <Filter Include="10Iterator">
      <UniqueIdentifier>{af43eb6f-3b58-4085-ad72-9377cb105e86}</UniqueIdentifier>
    </Filter>
    <Filter Include="11Composite">
      <UniqueIdentifier>{56a65c2c-8342-4f14-a6db-9217d6556868}</UniqueIdentifier>
    </Filter>
    <Filter Include="12State">
      <UniqueIdentifier>{d2a63a42-8812-424d-ad72-b0a26bd95735}</UniqueIdentifier>
    </Filter>
    <Filter Include="13Proxy">
      <UniqueIdentifier>{ee8a76f5-ea09-4008-a58c-0b9f7416e66d}</UniqueIdentifier>
    </Filter>
    <Filter Include="99Compound">
      <UniqueIdentifier>{9473da38-c8a4-4444-9ac3-d2223b88bc51}</UniqueIdentifier>
    </Filter>
    <Filter Include="100MVC">
      <UniqueIdentifier>{4c732aea-d7ff-4acd-b4dd-b6f14e94b1c1}</UniqueIdentifier>
    </Filter>
    <Filter Include="14Bridge">
      <UniqueIdentifier>{32f75d9d-20ca-4b68-8116-20974ad3631d}</UniqueIdentifier>
    </Filter>
    <Filter Include="15Builder">
      <UniqueIdentifier>{06a415f8-e252-4c74-9d36-5d5c1a50dd9d}</UniqueIdentifier>
    </Filter>
    <Filter Include="16ChainOfResponsibility">
      <UniqueIdentifier>{678d4fad-7442-427b-a4ef-d4042775c268}</UniqueIdentifier>
    </Filter>
    <Filter Include="17Flyweight">
      <UniqueIdentifier>{91f8ff83-bd90-4cac-84df-4964209ebfa3}</UniqueIdentifier>
    </Filter>
    <Filter Include="18Interpreter">
      <UniqueIdentifier>{8c845744-4b06-4535-a442-ef64978bd9d8}</UniqueIdentifier>
    </Filter>
    <Filter Include="19Mediator">
      <UniqueIdentifier>{1f82099b-107e-4a4d-9172-394434f18b08}</UniqueIdentifier>
    </Filter>
    <Filter Include="20Memento">
      <UniqueIdentifier>{6a509b1d-4289-4b14-a3ab-8d5fb6cf7a8f}</UniqueIdentifier>
    </Filter>
    <Filter Include="21Prototype">
      <UniqueIdentifier>{429dd795-39c2-42d5-b861-b31483e64b6d}</UniqueIdentifier>
    </Filter>
    <Filter Include="22Visitor">
      <UniqueIdentifier>{a81f4f5e-6e35-48f6-b7e3-e69f1e07408b}</UniqueIdentifier>
    </Filter>
  </ItemGroup>
  <ItemGroup>
    <ClInclude Include="01Strategy\Duck.h">
      <Filter>01Strategy</Filter>
    </ClInclude>
    <ClInclude Include="01Strategy\FlyBehavior.h">
      <Filter>01Strategy</Filter>
    </ClInclude>
    <ClInclude Include="01Strategy\QuackBehavior.h">
      <Filter>01Strategy</Filter>
    </ClInclude>
    <ClInclude Include="02Observer\DisplayElement.h">
      <Filter>02Observer</Filter>
    </ClInclude>
    <ClInclude Include="02Observer\Observer.h">
      <Filter>02Observer</Filter>
    </ClInclude>
    <ClInclude Include="02Observer\Subject.h">
      <Filter>02Observer</Filter>
    </ClInclude>
    <ClInclude Include="02Observer\WeatherData.h">
      <Filter>02Observer</Filter>
    </ClInclude>
    <ClInclude Include="03Decorator\Beverage.h">
      <Filter>03Decorator</Filter>
    </ClInclude>
    <ClInclude Include="03Decorator\CoffeeComponent.h">
      <Filter>03Decorator</Filter>
    </ClInclude>
    <ClInclude Include="03Decorator\CondimentDecorator.h">
      <Filter>03Decorator</Filter>
    </ClInclude>
    <ClInclude Include="04Factory\02FactoryMethod\Pizza.h">
      <Filter>04Factory\02FactoryMethod</Filter>
    </ClInclude>
    <ClInclude Include="04Factory\02FactoryMethod\PizzaStore.h">
      <Filter>04Factory\02FactoryMethod</Filter>
    </ClInclude>
    <ClInclude Include="04Factory\01SimpleFactory\SimplePizzaFactory.h">
      <Filter>04Factory\01SimpleFactory</Filter>
    </ClInclude>
    <ClInclude Include="04Factory\01SimpleFactory\SimplePizza.h">
      <Filter>04Factory\01SimpleFactory</Filter>
    </ClInclude>
    <ClInclude Include="04Factory\01SimpleFactory\SimplePizzaStore.h">
      <Filter>04Factory\01SimpleFactory</Filter>
    </ClInclude>
    <ClInclude Include="04Factory\03AbstractFactory\AFPizza.h">
      <Filter>04Factory\03AbstractFactory</Filter>
    </ClInclude>
    <ClInclude Include="04Factory\03AbstractFactory\AFPizzaStore.h">
      <Filter>04Factory\03AbstractFactory</Filter>
    </ClInclude>
    <ClInclude Include="04Factory\03AbstractFactory\PizzaIngredientFactory.h">
      <Filter>04Factory\03AbstractFactory</Filter>
    </ClInclude>
    <ClInclude Include="05Singleton\NormalSingleton.h">
      <Filter>05Singleton</Filter>
    </ClInclude>
    <ClInclude Include="05Singleton\SimpleSingleton.h">
      <Filter>05Singleton</Filter>
    </ClInclude>
    <ClInclude Include="05Singleton\TemplateSingleton.h">
      <Filter>05Singleton</Filter>
    </ClInclude>
    <ClInclude Include="05Singleton\ThreadSafeSingleton.h">
      <Filter>05Singleton</Filter>
    </ClInclude>
    <ClInclude Include="05Singleton\UnlockSafeSingleton.h">
      <Filter>05Singleton</Filter>
    </ClInclude>
    <ClInclude Include="06Command\Command.h">
      <Filter>06Command</Filter>
    </ClInclude>
    <ClInclude Include="06Command\Control.h">
      <Filter>06Command</Filter>
    </ClInclude>
    <ClInclude Include="06Command\Tools.h">
      <Filter>06Command</Filter>
    </ClInclude>
    <ClInclude Include="07Adapter\AdapterClient.h">
      <Filter>07Adapter</Filter>
    </ClInclude>
    <ClInclude Include="07Adapter\ClassAdapter.h">
      <Filter>07Adapter\01ClassAdapter</Filter>
    </ClInclude>
    <ClInclude Include="07Adapter\ObjectAdapter.h">
      <Filter>07Adapter\02ObjectAdapter</Filter>
    </ClInclude>
    <ClInclude Include="09TemplateMethod\CaffeineBeverage.h">
      <Filter>09TemplateMethod</Filter>
    </ClInclude>
    <ClInclude Include="10Iterator\DinerMenu.h">
      <Filter>10Iterator</Filter>
    </ClInclude>
    <ClInclude Include="10Iterator\Iterator.h">
      <Filter>10Iterator</Filter>
    </ClInclude>
    <ClInclude Include="10Iterator\MenuItem.h">
      <Filter>10Iterator</Filter>
    </ClInclude>
    <ClInclude Include="10Iterator\PancakeHouseMenu.h">
      <Filter>10Iterator</Filter>
    </ClInclude>
    <ClInclude Include="10Iterator\Waitress.h">
      <Filter>10Iterator</Filter>
    </ClInclude>
    <ClInclude Include="10Iterator\CafeMenu.h">
      <Filter>10Iterator</Filter>
    </ClInclude>
    <ClInclude Include="11Composite\MenuComponent.h">
      <Filter>11Composite</Filter>
    </ClInclude>
    <ClInclude Include="11Composite\CMenuItem.h">
      <Filter>11Composite</Filter>
    </ClInclude>
    <ClInclude Include="11Composite\CMenu.h">
      <Filter>11Composite</Filter>
    </ClInclude>
    <ClInclude Include="11Composite\CWaitress.h">
      <Filter>11Composite</Filter>
    </ClInclude>
    <ClInclude Include="12State\GumballMachine.h">
      <Filter>12State</Filter>
    </ClInclude>
    <ClInclude Include="12State\State.h">
      <Filter>12State</Filter>
    </ClInclude>
    <ClInclude Include="99Compound\CDuck.h">
      <Filter>99Compound</Filter>
    </ClInclude>
    <ClInclude Include="99Compound\CFactory.h">
      <Filter>99Compound</Filter>
    </ClInclude>
    <ClInclude Include="99Compound\CGoose.h">
      <Filter>99Compound</Filter>
    </ClInclude>
    <ClInclude Include="99Compound\DuckSimulator.h">
      <Filter>99Compound</Filter>
    </ClInclude>
    <ClInclude Include="99Compound\Quackable.h">
      <Filter>99Compound</Filter>
    </ClInclude>
    <ClInclude Include="99Compound\QuackObservable.h">
      <Filter>99Compound</Filter>
    </ClInclude>
    <ClInclude Include="14Bridge\Bridge.h">
      <Filter>14Bridge</Filter>
    </ClInclude>
    <ClInclude Include="15Builder\Builder.h">
      <Filter>15Builder</Filter>
    </ClInclude>
    <ClInclude Include="21Prototype\Prototype.h">
      <Filter>21Prototype</Filter>
    </ClInclude>
  </ItemGroup>
  <ItemGroup>
    <ClCompile Include="12State\GumballMachine.cpp">
      <Filter>12State</Filter>
    </ClCompile>
    <ClCompile Include="main.cpp" />
    <ClCompile Include="14Bridge\Bridge.cpp">
      <Filter>14Bridge</Filter>
    </ClCompile>
    <ClCompile Include="15Builder\Builder.cpp">
      <Filter>15Builder</Filter>
    </ClCompile>
    <ClCompile Include="21Prototype\Prototype.cpp">
      <Filter>21Prototype</Filter>
    </ClCompile>
  </ItemGroup>
</Project>