<?xml version="1.0" encoding="utf-8"?>
<Project ToolsVersion="16.0" xmlns="http://schemas.microsoft.com/developer/msbuild/2003">
  <ItemGroup>
    <CustomBuild Include="D:\9.Code\Qing\OpenSource\protobuf-3.8.0\windows\CMakeFiles\4583bd1c4c33db9e6359d8485f3ab166\check.rule">
      <Filter>CMake Rules</Filter>
    </CustomBuild>
    <CustomBuild Include="D:\9.Code\Qing\OpenSource\protobuf-3.8.0\cmake\CMakeLists.txt" />
  </ItemGroup>
  <ItemGroup>
    <None Include="D:\9.Code\Qing\OpenSource\protobuf-3.8.0\windows\CMakeFiles\check" />
  </ItemGroup>
  <ItemGroup>
    <Filter Include="CMake Rules">
      <UniqueIdentifier>{A5C923CD-5E32-3B7E-8980-7752B81177B9}</UniqueIdentifier>
    </Filter>
  </ItemGroup>
</Project>
