Microsoft Visual Studio Solution File, Format Version 12.00
# Visual Studio 14
Project("{8BC9CEB8-8B4A-11D0-8D11-00A0C91BC942}") = "ALL_BUILD", "ALL_BUILD.vcxproj", "{6209565A-97EA-3442-9F96-CEB453DDD791}"
	ProjectSection(ProjectDependencies) = postProject
		{07C8EF90-2429-396C-96B2-2B3B6CCE9316} = {07C8EF90-2429-396C-96B2-2B3B6CCE9316}
		{E5817DDB-67CD-313E-90BD-412FD349F38F} = {E5817DDB-67CD-313E-90BD-412FD349F38F}
		{8DBC6608-D876-38D0-87DE-59E4DAB58944} = {8DBC6608-D876-38D0-87DE-59E4DAB58944}
		{CE2A3E2F-25F4-31C2-9D25-F32C7A0F9DA3} = {CE2A3E2F-25F4-31C2-9D25-F32C7A0F9DA3}
		{DD280015-8272-3411-B895-13A36A79EF59} = {DD280015-8272-3411-B895-13A36A79EF59}
		{12C89E39-5444-33D0-9343-356B17CAD9D4} = {12C89E39-5444-33D0-9343-356B17CAD9D4}
		{5A260915-FEED-3BA2-BC9E-BFBAFA0FCB5C} = {5A260915-FEED-3BA2-BC9E-BFBAFA0FCB5C}
		{65E8326F-2A64-3E1B-B8F0-CE99E3E2242F} = {65E8326F-2A64-3E1B-B8F0-CE99E3E2242F}
		{82AB3D98-7EDF-3F79-A82D-F224FBDC165F} = {82AB3D98-7EDF-3F79-A82D-F224FBDC165F}
		{4126F539-968E-3B3B-B1DE-DF150EFD4FEB} = {4126F539-968E-3B3B-B1DE-DF150EFD4FEB}
		{492C5479-D296-362C-A58F-34E36EB32185} = {492C5479-D296-362C-A58F-34E36EB32185}
	EndProjectSection
EndProject
Project("{8BC9CEB8-8B4A-11D0-8D11-00A0C91BC942}") = "INSTALL", "INSTALL.vcxproj", "{BC28FA3C-C2E3-305D-A92B-72EDF8B10D1C}"
	ProjectSection(ProjectDependencies) = postProject
		{6209565A-97EA-3442-9F96-CEB453DDD791} = {6209565A-97EA-3442-9F96-CEB453DDD791}
		{07C8EF90-2429-396C-96B2-2B3B6CCE9316} = {07C8EF90-2429-396C-96B2-2B3B6CCE9316}
	EndProjectSection
EndProject
Project("{8BC9CEB8-8B4A-11D0-8D11-00A0C91BC942}") = "ZERO_CHECK", "ZERO_CHECK.vcxproj", "{07C8EF90-2429-396C-96B2-2B3B6CCE9316}"
	ProjectSection(ProjectDependencies) = postProject
	EndProjectSection
EndProject
Project("{8BC9CEB8-8B4A-11D0-8D11-00A0C91BC942}") = "check", "check.vcxproj", "{ABB497BD-9FFD-35E4-B902-42775DD3DA4B}"
	ProjectSection(ProjectDependencies) = postProject
		{07C8EF90-2429-396C-96B2-2B3B6CCE9316} = {07C8EF90-2429-396C-96B2-2B3B6CCE9316}
		{4126F539-968E-3B3B-B1DE-DF150EFD4FEB} = {4126F539-968E-3B3B-B1DE-DF150EFD4FEB}
		{492C5479-D296-362C-A58F-34E36EB32185} = {492C5479-D296-362C-A58F-34E36EB32185}
	EndProjectSection
EndProject
Project("{8BC9CEB8-8B4A-11D0-8D11-00A0C91BC942}") = "gmock", "gmock.vcxproj", "{E5817DDB-67CD-313E-90BD-412FD349F38F}"
	ProjectSection(ProjectDependencies) = postProject
		{07C8EF90-2429-396C-96B2-2B3B6CCE9316} = {07C8EF90-2429-396C-96B2-2B3B6CCE9316}
	EndProjectSection
EndProject
Project("{8BC9CEB8-8B4A-11D0-8D11-00A0C91BC942}") = "gmock_main", "gmock_main.vcxproj", "{8DBC6608-D876-38D0-87DE-59E4DAB58944}"
	ProjectSection(ProjectDependencies) = postProject
		{07C8EF90-2429-396C-96B2-2B3B6CCE9316} = {07C8EF90-2429-396C-96B2-2B3B6CCE9316}
		{E5817DDB-67CD-313E-90BD-412FD349F38F} = {E5817DDB-67CD-313E-90BD-412FD349F38F}
	EndProjectSection
EndProject
Project("{8BC9CEB8-8B4A-11D0-8D11-00A0C91BC942}") = "libprotobuf", "libprotobuf.vcxproj", "{CE2A3E2F-25F4-31C2-9D25-F32C7A0F9DA3}"
	ProjectSection(ProjectDependencies) = postProject
		{07C8EF90-2429-396C-96B2-2B3B6CCE9316} = {07C8EF90-2429-396C-96B2-2B3B6CCE9316}
	EndProjectSection
EndProject
Project("{8BC9CEB8-8B4A-11D0-8D11-00A0C91BC942}") = "libprotobuf-lite", "libprotobuf-lite.vcxproj", "{DD280015-8272-3411-B895-13A36A79EF59}"
	ProjectSection(ProjectDependencies) = postProject
		{07C8EF90-2429-396C-96B2-2B3B6CCE9316} = {07C8EF90-2429-396C-96B2-2B3B6CCE9316}
	EndProjectSection
EndProject
Project("{8BC9CEB8-8B4A-11D0-8D11-00A0C91BC942}") = "libprotoc", "libprotoc.vcxproj", "{12C89E39-5444-33D0-9343-356B17CAD9D4}"
	ProjectSection(ProjectDependencies) = postProject
		{07C8EF90-2429-396C-96B2-2B3B6CCE9316} = {07C8EF90-2429-396C-96B2-2B3B6CCE9316}
		{CE2A3E2F-25F4-31C2-9D25-F32C7A0F9DA3} = {CE2A3E2F-25F4-31C2-9D25-F32C7A0F9DA3}
	EndProjectSection
EndProject
Project("{8BC9CEB8-8B4A-11D0-8D11-00A0C91BC942}") = "lite-arena-test", "lite-arena-test.vcxproj", "{5A260915-FEED-3BA2-BC9E-BFBAFA0FCB5C}"
	ProjectSection(ProjectDependencies) = postProject
		{07C8EF90-2429-396C-96B2-2B3B6CCE9316} = {07C8EF90-2429-396C-96B2-2B3B6CCE9316}
		{E5817DDB-67CD-313E-90BD-412FD349F38F} = {E5817DDB-67CD-313E-90BD-412FD349F38F}
		{8DBC6608-D876-38D0-87DE-59E4DAB58944} = {8DBC6608-D876-38D0-87DE-59E4DAB58944}
		{DD280015-8272-3411-B895-13A36A79EF59} = {DD280015-8272-3411-B895-13A36A79EF59}
		{82AB3D98-7EDF-3F79-A82D-F224FBDC165F} = {82AB3D98-7EDF-3F79-A82D-F224FBDC165F}
	EndProjectSection
EndProject
Project("{8BC9CEB8-8B4A-11D0-8D11-00A0C91BC942}") = "lite-test", "lite-test.vcxproj", "{65E8326F-2A64-3E1B-B8F0-CE99E3E2242F}"
	ProjectSection(ProjectDependencies) = postProject
		{07C8EF90-2429-396C-96B2-2B3B6CCE9316} = {07C8EF90-2429-396C-96B2-2B3B6CCE9316}
		{E5817DDB-67CD-313E-90BD-412FD349F38F} = {E5817DDB-67CD-313E-90BD-412FD349F38F}
		{8DBC6608-D876-38D0-87DE-59E4DAB58944} = {8DBC6608-D876-38D0-87DE-59E4DAB58944}
		{DD280015-8272-3411-B895-13A36A79EF59} = {DD280015-8272-3411-B895-13A36A79EF59}
		{82AB3D98-7EDF-3F79-A82D-F224FBDC165F} = {82AB3D98-7EDF-3F79-A82D-F224FBDC165F}
	EndProjectSection
EndProject
Project("{8BC9CEB8-8B4A-11D0-8D11-00A0C91BC942}") = "protoc", "protoc.vcxproj", "{82AB3D98-7EDF-3F79-A82D-F224FBDC165F}"
	ProjectSection(ProjectDependencies) = postProject
		{07C8EF90-2429-396C-96B2-2B3B6CCE9316} = {07C8EF90-2429-396C-96B2-2B3B6CCE9316}
		{CE2A3E2F-25F4-31C2-9D25-F32C7A0F9DA3} = {CE2A3E2F-25F4-31C2-9D25-F32C7A0F9DA3}
		{12C89E39-5444-33D0-9343-356B17CAD9D4} = {12C89E39-5444-33D0-9343-356B17CAD9D4}
	EndProjectSection
EndProject
Project("{8BC9CEB8-8B4A-11D0-8D11-00A0C91BC942}") = "test_plugin", "test_plugin.vcxproj", "{4126F539-968E-3B3B-B1DE-DF150EFD4FEB}"
	ProjectSection(ProjectDependencies) = postProject
		{07C8EF90-2429-396C-96B2-2B3B6CCE9316} = {07C8EF90-2429-396C-96B2-2B3B6CCE9316}
		{E5817DDB-67CD-313E-90BD-412FD349F38F} = {E5817DDB-67CD-313E-90BD-412FD349F38F}
		{CE2A3E2F-25F4-31C2-9D25-F32C7A0F9DA3} = {CE2A3E2F-25F4-31C2-9D25-F32C7A0F9DA3}
		{12C89E39-5444-33D0-9343-356B17CAD9D4} = {12C89E39-5444-33D0-9343-356B17CAD9D4}
	EndProjectSection
EndProject
Project("{8BC9CEB8-8B4A-11D0-8D11-00A0C91BC942}") = "tests", "tests.vcxproj", "{492C5479-D296-362C-A58F-34E36EB32185}"
	ProjectSection(ProjectDependencies) = postProject
		{07C8EF90-2429-396C-96B2-2B3B6CCE9316} = {07C8EF90-2429-396C-96B2-2B3B6CCE9316}
		{E5817DDB-67CD-313E-90BD-412FD349F38F} = {E5817DDB-67CD-313E-90BD-412FD349F38F}
		{8DBC6608-D876-38D0-87DE-59E4DAB58944} = {8DBC6608-D876-38D0-87DE-59E4DAB58944}
		{CE2A3E2F-25F4-31C2-9D25-F32C7A0F9DA3} = {CE2A3E2F-25F4-31C2-9D25-F32C7A0F9DA3}
		{12C89E39-5444-33D0-9343-356B17CAD9D4} = {12C89E39-5444-33D0-9343-356B17CAD9D4}
		{82AB3D98-7EDF-3F79-A82D-F224FBDC165F} = {82AB3D98-7EDF-3F79-A82D-F224FBDC165F}
	EndProjectSection
EndProject
Global
	GlobalSection(SolutionConfigurationPlatforms) = preSolution
		Debug|x64 = Debug|x64
		Release|x64 = Release|x64
		MinSizeRel|x64 = MinSizeRel|x64
		RelWithDebInfo|x64 = RelWithDebInfo|x64
	EndGlobalSection
	GlobalSection(ProjectConfigurationPlatforms) = postSolution
		{6209565A-97EA-3442-9F96-CEB453DDD791}.Debug|x64.ActiveCfg = Debug|x64
		{6209565A-97EA-3442-9F96-CEB453DDD791}.Debug|x64.Build.0 = Debug|x64
		{6209565A-97EA-3442-9F96-CEB453DDD791}.Release|x64.ActiveCfg = Release|x64
		{6209565A-97EA-3442-9F96-CEB453DDD791}.Release|x64.Build.0 = Release|x64
		{6209565A-97EA-3442-9F96-CEB453DDD791}.MinSizeRel|x64.ActiveCfg = MinSizeRel|x64
		{6209565A-97EA-3442-9F96-CEB453DDD791}.MinSizeRel|x64.Build.0 = MinSizeRel|x64
		{6209565A-97EA-3442-9F96-CEB453DDD791}.RelWithDebInfo|x64.ActiveCfg = RelWithDebInfo|x64
		{6209565A-97EA-3442-9F96-CEB453DDD791}.RelWithDebInfo|x64.Build.0 = RelWithDebInfo|x64
		{BC28FA3C-C2E3-305D-A92B-72EDF8B10D1C}.Debug|x64.ActiveCfg = Debug|x64
		{BC28FA3C-C2E3-305D-A92B-72EDF8B10D1C}.Release|x64.ActiveCfg = Release|x64
		{BC28FA3C-C2E3-305D-A92B-72EDF8B10D1C}.MinSizeRel|x64.ActiveCfg = MinSizeRel|x64
		{BC28FA3C-C2E3-305D-A92B-72EDF8B10D1C}.RelWithDebInfo|x64.ActiveCfg = RelWithDebInfo|x64
		{07C8EF90-2429-396C-96B2-2B3B6CCE9316}.Debug|x64.ActiveCfg = Debug|x64
		{07C8EF90-2429-396C-96B2-2B3B6CCE9316}.Debug|x64.Build.0 = Debug|x64
		{07C8EF90-2429-396C-96B2-2B3B6CCE9316}.Release|x64.ActiveCfg = Release|x64
		{07C8EF90-2429-396C-96B2-2B3B6CCE9316}.Release|x64.Build.0 = Release|x64
		{07C8EF90-2429-396C-96B2-2B3B6CCE9316}.MinSizeRel|x64.ActiveCfg = MinSizeRel|x64
		{07C8EF90-2429-396C-96B2-2B3B6CCE9316}.MinSizeRel|x64.Build.0 = MinSizeRel|x64
		{07C8EF90-2429-396C-96B2-2B3B6CCE9316}.RelWithDebInfo|x64.ActiveCfg = RelWithDebInfo|x64
		{07C8EF90-2429-396C-96B2-2B3B6CCE9316}.RelWithDebInfo|x64.Build.0 = RelWithDebInfo|x64
		{ABB497BD-9FFD-35E4-B902-42775DD3DA4B}.Debug|x64.ActiveCfg = Debug|x64
		{ABB497BD-9FFD-35E4-B902-42775DD3DA4B}.Release|x64.ActiveCfg = Release|x64
		{ABB497BD-9FFD-35E4-B902-42775DD3DA4B}.MinSizeRel|x64.ActiveCfg = MinSizeRel|x64
		{ABB497BD-9FFD-35E4-B902-42775DD3DA4B}.RelWithDebInfo|x64.ActiveCfg = RelWithDebInfo|x64
		{E5817DDB-67CD-313E-90BD-412FD349F38F}.Debug|x64.ActiveCfg = Debug|x64
		{E5817DDB-67CD-313E-90BD-412FD349F38F}.Debug|x64.Build.0 = Debug|x64
		{E5817DDB-67CD-313E-90BD-412FD349F38F}.Release|x64.ActiveCfg = Release|x64
		{E5817DDB-67CD-313E-90BD-412FD349F38F}.Release|x64.Build.0 = Release|x64
		{E5817DDB-67CD-313E-90BD-412FD349F38F}.MinSizeRel|x64.ActiveCfg = MinSizeRel|x64
		{E5817DDB-67CD-313E-90BD-412FD349F38F}.MinSizeRel|x64.Build.0 = MinSizeRel|x64
		{E5817DDB-67CD-313E-90BD-412FD349F38F}.RelWithDebInfo|x64.ActiveCfg = RelWithDebInfo|x64
		{E5817DDB-67CD-313E-90BD-412FD349F38F}.RelWithDebInfo|x64.Build.0 = RelWithDebInfo|x64
		{8DBC6608-D876-38D0-87DE-59E4DAB58944}.Debug|x64.ActiveCfg = Debug|x64
		{8DBC6608-D876-38D0-87DE-59E4DAB58944}.Debug|x64.Build.0 = Debug|x64
		{8DBC6608-D876-38D0-87DE-59E4DAB58944}.Release|x64.ActiveCfg = Release|x64
		{8DBC6608-D876-38D0-87DE-59E4DAB58944}.Release|x64.Build.0 = Release|x64
		{8DBC6608-D876-38D0-87DE-59E4DAB58944}.MinSizeRel|x64.ActiveCfg = MinSizeRel|x64
		{8DBC6608-D876-38D0-87DE-59E4DAB58944}.MinSizeRel|x64.Build.0 = MinSizeRel|x64
		{8DBC6608-D876-38D0-87DE-59E4DAB58944}.RelWithDebInfo|x64.ActiveCfg = RelWithDebInfo|x64
		{8DBC6608-D876-38D0-87DE-59E4DAB58944}.RelWithDebInfo|x64.Build.0 = RelWithDebInfo|x64
		{CE2A3E2F-25F4-31C2-9D25-F32C7A0F9DA3}.Debug|x64.ActiveCfg = Debug|x64
		{CE2A3E2F-25F4-31C2-9D25-F32C7A0F9DA3}.Debug|x64.Build.0 = Debug|x64
		{CE2A3E2F-25F4-31C2-9D25-F32C7A0F9DA3}.Release|x64.ActiveCfg = Release|x64
		{CE2A3E2F-25F4-31C2-9D25-F32C7A0F9DA3}.Release|x64.Build.0 = Release|x64
		{CE2A3E2F-25F4-31C2-9D25-F32C7A0F9DA3}.MinSizeRel|x64.ActiveCfg = MinSizeRel|x64
		{CE2A3E2F-25F4-31C2-9D25-F32C7A0F9DA3}.MinSizeRel|x64.Build.0 = MinSizeRel|x64
		{CE2A3E2F-25F4-31C2-9D25-F32C7A0F9DA3}.RelWithDebInfo|x64.ActiveCfg = RelWithDebInfo|x64
		{CE2A3E2F-25F4-31C2-9D25-F32C7A0F9DA3}.RelWithDebInfo|x64.Build.0 = RelWithDebInfo|x64
		{DD280015-8272-3411-B895-13A36A79EF59}.Debug|x64.ActiveCfg = Debug|x64
		{DD280015-8272-3411-B895-13A36A79EF59}.Debug|x64.Build.0 = Debug|x64
		{DD280015-8272-3411-B895-13A36A79EF59}.Release|x64.ActiveCfg = Release|x64
		{DD280015-8272-3411-B895-13A36A79EF59}.Release|x64.Build.0 = Release|x64
		{DD280015-8272-3411-B895-13A36A79EF59}.MinSizeRel|x64.ActiveCfg = MinSizeRel|x64
		{DD280015-8272-3411-B895-13A36A79EF59}.MinSizeRel|x64.Build.0 = MinSizeRel|x64
		{DD280015-8272-3411-B895-13A36A79EF59}.RelWithDebInfo|x64.ActiveCfg = RelWithDebInfo|x64
		{DD280015-8272-3411-B895-13A36A79EF59}.RelWithDebInfo|x64.Build.0 = RelWithDebInfo|x64
		{12C89E39-5444-33D0-9343-356B17CAD9D4}.Debug|x64.ActiveCfg = Debug|x64
		{12C89E39-5444-33D0-9343-356B17CAD9D4}.Debug|x64.Build.0 = Debug|x64
		{12C89E39-5444-33D0-9343-356B17CAD9D4}.Release|x64.ActiveCfg = Release|x64
		{12C89E39-5444-33D0-9343-356B17CAD9D4}.Release|x64.Build.0 = Release|x64
		{12C89E39-5444-33D0-9343-356B17CAD9D4}.MinSizeRel|x64.ActiveCfg = MinSizeRel|x64
		{12C89E39-5444-33D0-9343-356B17CAD9D4}.MinSizeRel|x64.Build.0 = MinSizeRel|x64
		{12C89E39-5444-33D0-9343-356B17CAD9D4}.RelWithDebInfo|x64.ActiveCfg = RelWithDebInfo|x64
		{12C89E39-5444-33D0-9343-356B17CAD9D4}.RelWithDebInfo|x64.Build.0 = RelWithDebInfo|x64
		{5A260915-FEED-3BA2-BC9E-BFBAFA0FCB5C}.Debug|x64.ActiveCfg = Debug|x64
		{5A260915-FEED-3BA2-BC9E-BFBAFA0FCB5C}.Debug|x64.Build.0 = Debug|x64
		{5A260915-FEED-3BA2-BC9E-BFBAFA0FCB5C}.Release|x64.ActiveCfg = Release|x64
		{5A260915-FEED-3BA2-BC9E-BFBAFA0FCB5C}.Release|x64.Build.0 = Release|x64
		{5A260915-FEED-3BA2-BC9E-BFBAFA0FCB5C}.MinSizeRel|x64.ActiveCfg = MinSizeRel|x64
		{5A260915-FEED-3BA2-BC9E-BFBAFA0FCB5C}.MinSizeRel|x64.Build.0 = MinSizeRel|x64
		{5A260915-FEED-3BA2-BC9E-BFBAFA0FCB5C}.RelWithDebInfo|x64.ActiveCfg = RelWithDebInfo|x64
		{5A260915-FEED-3BA2-BC9E-BFBAFA0FCB5C}.RelWithDebInfo|x64.Build.0 = RelWithDebInfo|x64
		{65E8326F-2A64-3E1B-B8F0-CE99E3E2242F}.Debug|x64.ActiveCfg = Debug|x64
		{65E8326F-2A64-3E1B-B8F0-CE99E3E2242F}.Debug|x64.Build.0 = Debug|x64
		{65E8326F-2A64-3E1B-B8F0-CE99E3E2242F}.Release|x64.ActiveCfg = Release|x64
		{65E8326F-2A64-3E1B-B8F0-CE99E3E2242F}.Release|x64.Build.0 = Release|x64
		{65E8326F-2A64-3E1B-B8F0-CE99E3E2242F}.MinSizeRel|x64.ActiveCfg = MinSizeRel|x64
		{65E8326F-2A64-3E1B-B8F0-CE99E3E2242F}.MinSizeRel|x64.Build.0 = MinSizeRel|x64
		{65E8326F-2A64-3E1B-B8F0-CE99E3E2242F}.RelWithDebInfo|x64.ActiveCfg = RelWithDebInfo|x64
		{65E8326F-2A64-3E1B-B8F0-CE99E3E2242F}.RelWithDebInfo|x64.Build.0 = RelWithDebInfo|x64
		{82AB3D98-7EDF-3F79-A82D-F224FBDC165F}.Debug|x64.ActiveCfg = Debug|x64
		{82AB3D98-7EDF-3F79-A82D-F224FBDC165F}.Debug|x64.Build.0 = Debug|x64
		{82AB3D98-7EDF-3F79-A82D-F224FBDC165F}.Release|x64.ActiveCfg = Release|x64
		{82AB3D98-7EDF-3F79-A82D-F224FBDC165F}.Release|x64.Build.0 = Release|x64
		{82AB3D98-7EDF-3F79-A82D-F224FBDC165F}.MinSizeRel|x64.ActiveCfg = MinSizeRel|x64
		{82AB3D98-7EDF-3F79-A82D-F224FBDC165F}.MinSizeRel|x64.Build.0 = MinSizeRel|x64
		{82AB3D98-7EDF-3F79-A82D-F224FBDC165F}.RelWithDebInfo|x64.ActiveCfg = RelWithDebInfo|x64
		{82AB3D98-7EDF-3F79-A82D-F224FBDC165F}.RelWithDebInfo|x64.Build.0 = RelWithDebInfo|x64
		{4126F539-968E-3B3B-B1DE-DF150EFD4FEB}.Debug|x64.ActiveCfg = Debug|x64
		{4126F539-968E-3B3B-B1DE-DF150EFD4FEB}.Debug|x64.Build.0 = Debug|x64
		{4126F539-968E-3B3B-B1DE-DF150EFD4FEB}.Release|x64.ActiveCfg = Release|x64
		{4126F539-968E-3B3B-B1DE-DF150EFD4FEB}.Release|x64.Build.0 = Release|x64
		{4126F539-968E-3B3B-B1DE-DF150EFD4FEB}.MinSizeRel|x64.ActiveCfg = MinSizeRel|x64
		{4126F539-968E-3B3B-B1DE-DF150EFD4FEB}.MinSizeRel|x64.Build.0 = MinSizeRel|x64
		{4126F539-968E-3B3B-B1DE-DF150EFD4FEB}.RelWithDebInfo|x64.ActiveCfg = RelWithDebInfo|x64
		{4126F539-968E-3B3B-B1DE-DF150EFD4FEB}.RelWithDebInfo|x64.Build.0 = RelWithDebInfo|x64
		{492C5479-D296-362C-A58F-34E36EB32185}.Debug|x64.ActiveCfg = Debug|x64
		{492C5479-D296-362C-A58F-34E36EB32185}.Debug|x64.Build.0 = Debug|x64
		{492C5479-D296-362C-A58F-34E36EB32185}.Release|x64.ActiveCfg = Release|x64
		{492C5479-D296-362C-A58F-34E36EB32185}.Release|x64.Build.0 = Release|x64
		{492C5479-D296-362C-A58F-34E36EB32185}.MinSizeRel|x64.ActiveCfg = MinSizeRel|x64
		{492C5479-D296-362C-A58F-34E36EB32185}.MinSizeRel|x64.Build.0 = MinSizeRel|x64
		{492C5479-D296-362C-A58F-34E36EB32185}.RelWithDebInfo|x64.ActiveCfg = RelWithDebInfo|x64
		{492C5479-D296-362C-A58F-34E36EB32185}.RelWithDebInfo|x64.Build.0 = RelWithDebInfo|x64
	EndGlobalSection
	GlobalSection(ExtensibilityGlobals) = postSolution
		SolutionGuid = {0C3220F9-9391-3DCC-8DCB-738D55FB002D}
	EndGlobalSection
	GlobalSection(ExtensibilityAddIns) = postSolution
	EndGlobalSection
EndGlobal
