<?xml version="1.0" encoding="utf-8"?>
<Project ToolsVersion="16.0" xmlns="http://schemas.microsoft.com/developer/msbuild/2003">
  <ItemGroup>
    <ClCompile Include="D:\9.Code\Qing\OpenSource\protobuf-3.8.0\src\google\protobuf\compiler\main.cc">
      <Filter>Source Files</Filter>
    </ClCompile>
  </ItemGroup>
  <ItemGroup>
    <CustomBuild Include="D:\9.Code\Qing\OpenSource\protobuf-3.8.0\cmake\CMakeLists.txt" />
  </ItemGroup>
  <ItemGroup>
    <ResourceCompile Include="D:\9.Code\Qing\OpenSource\protobuf-3.8.0\windows\version.rc">
      <Filter>Source Files</Filter>
    </ResourceCompile>
  </ItemGroup>
  <ItemGroup>
    <Filter Include="Source Files">
      <UniqueIdentifier>{373B7241-97A1-3AA1-82D4-490563E0709B}</UniqueIdentifier>
    </Filter>
  </ItemGroup>
</Project>
