Microsoft Visual Studio Solution File, Format Version 12.00
# Visual Studio 16
Project("{8BC9CEB8-8B4A-11D0-8D11-00A0C91BC942}") = "ALL_BUILD", "ALL_BUILD.vcxproj", "{C933CEC1-AFDA-3D84-B3F9-58A0B4F8E175}"
	ProjectSection(ProjectDependencies) = postProject
		{242711CC-3AE0-3086-87C9-21DDF0EC31A9} = {242711CC-3AE0-3086-87C9-21DDF0EC31A9}
		{B6935879-26BA-3D15-973E-DB4F548C67FA} = {B6935879-26BA-3D15-973E-DB4F548C67FA}
		{06038631-5C77-39EB-B7DA-493DD2A5436F} = {06038631-5C77-39EB-B7DA-493DD2A5436F}
		{EE34F20D-5A4F-339C-8963-375C1B2B3594} = {EE34F20D-5A4F-339C-8963-375C1B2B3594}
		{31237848-41AD-3E91-B7F6-58F754AB6BB1} = {31237848-41AD-3E91-B7F6-58F754AB6BB1}
		{2D226EC4-1380-3BEB-9699-1EAA1E357463} = {2D226EC4-1380-3BEB-9699-1EAA1E357463}
		{8F2D7604-F678-32CD-8BE0-0C8B0CD180AD} = {8F2D7604-F678-32CD-8BE0-0C8B0CD180AD}
		{515AC788-5AFC-3186-8B2F-370321D0EA5D} = {515AC788-5AFC-3186-8B2F-370321D0EA5D}
		{6D20BB01-CC86-3B1F-8CA0-EB592ED5A30E} = {6D20BB01-CC86-3B1F-8CA0-EB592ED5A30E}
		{FEAE1C5D-7508-3CDF-9BBC-05DE6117443C} = {FEAE1C5D-7508-3CDF-9BBC-05DE6117443C}
		{8D130DDD-514C-338B-9E88-F53ECD333ACB} = {8D130DDD-514C-338B-9E88-F53ECD333ACB}
	EndProjectSection
EndProject
Project("{8BC9CEB8-8B4A-11D0-8D11-00A0C91BC942}") = "INSTALL", "INSTALL.vcxproj", "{E097A273-7681-3E99-9AD4-277CA644C3D8}"
	ProjectSection(ProjectDependencies) = postProject
		{C933CEC1-AFDA-3D84-B3F9-58A0B4F8E175} = {C933CEC1-AFDA-3D84-B3F9-58A0B4F8E175}
		{242711CC-3AE0-3086-87C9-21DDF0EC31A9} = {242711CC-3AE0-3086-87C9-21DDF0EC31A9}
	EndProjectSection
EndProject
Project("{8BC9CEB8-8B4A-11D0-8D11-00A0C91BC942}") = "ZERO_CHECK", "ZERO_CHECK.vcxproj", "{242711CC-3AE0-3086-87C9-21DDF0EC31A9}"
	ProjectSection(ProjectDependencies) = postProject
	EndProjectSection
EndProject
Project("{8BC9CEB8-8B4A-11D0-8D11-00A0C91BC942}") = "check", "check.vcxproj", "{E3EE1908-7336-3F4F-A16D-4696F2AC0443}"
	ProjectSection(ProjectDependencies) = postProject
		{242711CC-3AE0-3086-87C9-21DDF0EC31A9} = {242711CC-3AE0-3086-87C9-21DDF0EC31A9}
		{FEAE1C5D-7508-3CDF-9BBC-05DE6117443C} = {FEAE1C5D-7508-3CDF-9BBC-05DE6117443C}
		{8D130DDD-514C-338B-9E88-F53ECD333ACB} = {8D130DDD-514C-338B-9E88-F53ECD333ACB}
	EndProjectSection
EndProject
Project("{8BC9CEB8-8B4A-11D0-8D11-00A0C91BC942}") = "gmock", "gmock.vcxproj", "{B6935879-26BA-3D15-973E-DB4F548C67FA}"
	ProjectSection(ProjectDependencies) = postProject
		{242711CC-3AE0-3086-87C9-21DDF0EC31A9} = {242711CC-3AE0-3086-87C9-21DDF0EC31A9}
	EndProjectSection
EndProject
Project("{8BC9CEB8-8B4A-11D0-8D11-00A0C91BC942}") = "gmock_main", "gmock_main.vcxproj", "{06038631-5C77-39EB-B7DA-493DD2A5436F}"
	ProjectSection(ProjectDependencies) = postProject
		{242711CC-3AE0-3086-87C9-21DDF0EC31A9} = {242711CC-3AE0-3086-87C9-21DDF0EC31A9}
		{B6935879-26BA-3D15-973E-DB4F548C67FA} = {B6935879-26BA-3D15-973E-DB4F548C67FA}
	EndProjectSection
EndProject
Project("{8BC9CEB8-8B4A-11D0-8D11-00A0C91BC942}") = "libprotobuf", "libprotobuf.vcxproj", "{EE34F20D-5A4F-339C-8963-375C1B2B3594}"
	ProjectSection(ProjectDependencies) = postProject
		{242711CC-3AE0-3086-87C9-21DDF0EC31A9} = {242711CC-3AE0-3086-87C9-21DDF0EC31A9}
	EndProjectSection
EndProject
Project("{8BC9CEB8-8B4A-11D0-8D11-00A0C91BC942}") = "libprotobuf-lite", "libprotobuf-lite.vcxproj", "{31237848-41AD-3E91-B7F6-58F754AB6BB1}"
	ProjectSection(ProjectDependencies) = postProject
		{242711CC-3AE0-3086-87C9-21DDF0EC31A9} = {242711CC-3AE0-3086-87C9-21DDF0EC31A9}
	EndProjectSection
EndProject
Project("{8BC9CEB8-8B4A-11D0-8D11-00A0C91BC942}") = "libprotoc", "libprotoc.vcxproj", "{2D226EC4-1380-3BEB-9699-1EAA1E357463}"
	ProjectSection(ProjectDependencies) = postProject
		{242711CC-3AE0-3086-87C9-21DDF0EC31A9} = {242711CC-3AE0-3086-87C9-21DDF0EC31A9}
		{EE34F20D-5A4F-339C-8963-375C1B2B3594} = {EE34F20D-5A4F-339C-8963-375C1B2B3594}
	EndProjectSection
EndProject
Project("{8BC9CEB8-8B4A-11D0-8D11-00A0C91BC942}") = "lite-arena-test", "lite-arena-test.vcxproj", "{8F2D7604-F678-32CD-8BE0-0C8B0CD180AD}"
	ProjectSection(ProjectDependencies) = postProject
		{242711CC-3AE0-3086-87C9-21DDF0EC31A9} = {242711CC-3AE0-3086-87C9-21DDF0EC31A9}
		{B6935879-26BA-3D15-973E-DB4F548C67FA} = {B6935879-26BA-3D15-973E-DB4F548C67FA}
		{06038631-5C77-39EB-B7DA-493DD2A5436F} = {06038631-5C77-39EB-B7DA-493DD2A5436F}
		{31237848-41AD-3E91-B7F6-58F754AB6BB1} = {31237848-41AD-3E91-B7F6-58F754AB6BB1}
		{6D20BB01-CC86-3B1F-8CA0-EB592ED5A30E} = {6D20BB01-CC86-3B1F-8CA0-EB592ED5A30E}
	EndProjectSection
EndProject
Project("{8BC9CEB8-8B4A-11D0-8D11-00A0C91BC942}") = "lite-test", "lite-test.vcxproj", "{515AC788-5AFC-3186-8B2F-370321D0EA5D}"
	ProjectSection(ProjectDependencies) = postProject
		{242711CC-3AE0-3086-87C9-21DDF0EC31A9} = {242711CC-3AE0-3086-87C9-21DDF0EC31A9}
		{B6935879-26BA-3D15-973E-DB4F548C67FA} = {B6935879-26BA-3D15-973E-DB4F548C67FA}
		{06038631-5C77-39EB-B7DA-493DD2A5436F} = {06038631-5C77-39EB-B7DA-493DD2A5436F}
		{31237848-41AD-3E91-B7F6-58F754AB6BB1} = {31237848-41AD-3E91-B7F6-58F754AB6BB1}
		{6D20BB01-CC86-3B1F-8CA0-EB592ED5A30E} = {6D20BB01-CC86-3B1F-8CA0-EB592ED5A30E}
	EndProjectSection
EndProject
Project("{8BC9CEB8-8B4A-11D0-8D11-00A0C91BC942}") = "protoc", "protoc.vcxproj", "{6D20BB01-CC86-3B1F-8CA0-EB592ED5A30E}"
	ProjectSection(ProjectDependencies) = postProject
		{242711CC-3AE0-3086-87C9-21DDF0EC31A9} = {242711CC-3AE0-3086-87C9-21DDF0EC31A9}
		{EE34F20D-5A4F-339C-8963-375C1B2B3594} = {EE34F20D-5A4F-339C-8963-375C1B2B3594}
		{2D226EC4-1380-3BEB-9699-1EAA1E357463} = {2D226EC4-1380-3BEB-9699-1EAA1E357463}
	EndProjectSection
EndProject
Project("{8BC9CEB8-8B4A-11D0-8D11-00A0C91BC942}") = "test_plugin", "test_plugin.vcxproj", "{FEAE1C5D-7508-3CDF-9BBC-05DE6117443C}"
	ProjectSection(ProjectDependencies) = postProject
		{242711CC-3AE0-3086-87C9-21DDF0EC31A9} = {242711CC-3AE0-3086-87C9-21DDF0EC31A9}
		{B6935879-26BA-3D15-973E-DB4F548C67FA} = {B6935879-26BA-3D15-973E-DB4F548C67FA}
		{EE34F20D-5A4F-339C-8963-375C1B2B3594} = {EE34F20D-5A4F-339C-8963-375C1B2B3594}
		{2D226EC4-1380-3BEB-9699-1EAA1E357463} = {2D226EC4-1380-3BEB-9699-1EAA1E357463}
	EndProjectSection
EndProject
Project("{8BC9CEB8-8B4A-11D0-8D11-00A0C91BC942}") = "tests", "tests.vcxproj", "{8D130DDD-514C-338B-9E88-F53ECD333ACB}"
	ProjectSection(ProjectDependencies) = postProject
		{242711CC-3AE0-3086-87C9-21DDF0EC31A9} = {242711CC-3AE0-3086-87C9-21DDF0EC31A9}
		{B6935879-26BA-3D15-973E-DB4F548C67FA} = {B6935879-26BA-3D15-973E-DB4F548C67FA}
		{06038631-5C77-39EB-B7DA-493DD2A5436F} = {06038631-5C77-39EB-B7DA-493DD2A5436F}
		{EE34F20D-5A4F-339C-8963-375C1B2B3594} = {EE34F20D-5A4F-339C-8963-375C1B2B3594}
		{2D226EC4-1380-3BEB-9699-1EAA1E357463} = {2D226EC4-1380-3BEB-9699-1EAA1E357463}
		{6D20BB01-CC86-3B1F-8CA0-EB592ED5A30E} = {6D20BB01-CC86-3B1F-8CA0-EB592ED5A30E}
	EndProjectSection
EndProject
Global
	GlobalSection(SolutionConfigurationPlatforms) = preSolution
		Debug|x64 = Debug|x64
		Release|x64 = Release|x64
		MinSizeRel|x64 = MinSizeRel|x64
		RelWithDebInfo|x64 = RelWithDebInfo|x64
	EndGlobalSection
	GlobalSection(ProjectConfigurationPlatforms) = postSolution
		{C933CEC1-AFDA-3D84-B3F9-58A0B4F8E175}.Debug|x64.ActiveCfg = Debug|x64
		{C933CEC1-AFDA-3D84-B3F9-58A0B4F8E175}.Debug|x64.Build.0 = Debug|x64
		{C933CEC1-AFDA-3D84-B3F9-58A0B4F8E175}.Release|x64.ActiveCfg = Release|x64
		{C933CEC1-AFDA-3D84-B3F9-58A0B4F8E175}.Release|x64.Build.0 = Release|x64
		{C933CEC1-AFDA-3D84-B3F9-58A0B4F8E175}.MinSizeRel|x64.ActiveCfg = MinSizeRel|x64
		{C933CEC1-AFDA-3D84-B3F9-58A0B4F8E175}.MinSizeRel|x64.Build.0 = MinSizeRel|x64
		{C933CEC1-AFDA-3D84-B3F9-58A0B4F8E175}.RelWithDebInfo|x64.ActiveCfg = RelWithDebInfo|x64
		{C933CEC1-AFDA-3D84-B3F9-58A0B4F8E175}.RelWithDebInfo|x64.Build.0 = RelWithDebInfo|x64
		{E097A273-7681-3E99-9AD4-277CA644C3D8}.Debug|x64.ActiveCfg = Debug|x64
		{E097A273-7681-3E99-9AD4-277CA644C3D8}.Release|x64.ActiveCfg = Release|x64
		{E097A273-7681-3E99-9AD4-277CA644C3D8}.MinSizeRel|x64.ActiveCfg = MinSizeRel|x64
		{E097A273-7681-3E99-9AD4-277CA644C3D8}.RelWithDebInfo|x64.ActiveCfg = RelWithDebInfo|x64
		{242711CC-3AE0-3086-87C9-21DDF0EC31A9}.Debug|x64.ActiveCfg = Debug|x64
		{242711CC-3AE0-3086-87C9-21DDF0EC31A9}.Debug|x64.Build.0 = Debug|x64
		{242711CC-3AE0-3086-87C9-21DDF0EC31A9}.Release|x64.ActiveCfg = Release|x64
		{242711CC-3AE0-3086-87C9-21DDF0EC31A9}.Release|x64.Build.0 = Release|x64
		{242711CC-3AE0-3086-87C9-21DDF0EC31A9}.MinSizeRel|x64.ActiveCfg = MinSizeRel|x64
		{242711CC-3AE0-3086-87C9-21DDF0EC31A9}.MinSizeRel|x64.Build.0 = MinSizeRel|x64
		{242711CC-3AE0-3086-87C9-21DDF0EC31A9}.RelWithDebInfo|x64.ActiveCfg = RelWithDebInfo|x64
		{242711CC-3AE0-3086-87C9-21DDF0EC31A9}.RelWithDebInfo|x64.Build.0 = RelWithDebInfo|x64
		{E3EE1908-7336-3F4F-A16D-4696F2AC0443}.Debug|x64.ActiveCfg = Debug|x64
		{E3EE1908-7336-3F4F-A16D-4696F2AC0443}.Release|x64.ActiveCfg = Release|x64
		{E3EE1908-7336-3F4F-A16D-4696F2AC0443}.MinSizeRel|x64.ActiveCfg = MinSizeRel|x64
		{E3EE1908-7336-3F4F-A16D-4696F2AC0443}.RelWithDebInfo|x64.ActiveCfg = RelWithDebInfo|x64
		{B6935879-26BA-3D15-973E-DB4F548C67FA}.Debug|x64.ActiveCfg = Debug|x64
		{B6935879-26BA-3D15-973E-DB4F548C67FA}.Debug|x64.Build.0 = Debug|x64
		{B6935879-26BA-3D15-973E-DB4F548C67FA}.Release|x64.ActiveCfg = Release|x64
		{B6935879-26BA-3D15-973E-DB4F548C67FA}.Release|x64.Build.0 = Release|x64
		{B6935879-26BA-3D15-973E-DB4F548C67FA}.MinSizeRel|x64.ActiveCfg = MinSizeRel|x64
		{B6935879-26BA-3D15-973E-DB4F548C67FA}.MinSizeRel|x64.Build.0 = MinSizeRel|x64
		{B6935879-26BA-3D15-973E-DB4F548C67FA}.RelWithDebInfo|x64.ActiveCfg = RelWithDebInfo|x64
		{B6935879-26BA-3D15-973E-DB4F548C67FA}.RelWithDebInfo|x64.Build.0 = RelWithDebInfo|x64
		{06038631-5C77-39EB-B7DA-493DD2A5436F}.Debug|x64.ActiveCfg = Debug|x64
		{06038631-5C77-39EB-B7DA-493DD2A5436F}.Debug|x64.Build.0 = Debug|x64
		{06038631-5C77-39EB-B7DA-493DD2A5436F}.Release|x64.ActiveCfg = Release|x64
		{06038631-5C77-39EB-B7DA-493DD2A5436F}.Release|x64.Build.0 = Release|x64
		{06038631-5C77-39EB-B7DA-493DD2A5436F}.MinSizeRel|x64.ActiveCfg = MinSizeRel|x64
		{06038631-5C77-39EB-B7DA-493DD2A5436F}.MinSizeRel|x64.Build.0 = MinSizeRel|x64
		{06038631-5C77-39EB-B7DA-493DD2A5436F}.RelWithDebInfo|x64.ActiveCfg = RelWithDebInfo|x64
		{06038631-5C77-39EB-B7DA-493DD2A5436F}.RelWithDebInfo|x64.Build.0 = RelWithDebInfo|x64
		{EE34F20D-5A4F-339C-8963-375C1B2B3594}.Debug|x64.ActiveCfg = Debug|x64
		{EE34F20D-5A4F-339C-8963-375C1B2B3594}.Debug|x64.Build.0 = Debug|x64
		{EE34F20D-5A4F-339C-8963-375C1B2B3594}.Release|x64.ActiveCfg = Release|x64
		{EE34F20D-5A4F-339C-8963-375C1B2B3594}.Release|x64.Build.0 = Release|x64
		{EE34F20D-5A4F-339C-8963-375C1B2B3594}.MinSizeRel|x64.ActiveCfg = MinSizeRel|x64
		{EE34F20D-5A4F-339C-8963-375C1B2B3594}.MinSizeRel|x64.Build.0 = MinSizeRel|x64
		{EE34F20D-5A4F-339C-8963-375C1B2B3594}.RelWithDebInfo|x64.ActiveCfg = RelWithDebInfo|x64
		{EE34F20D-5A4F-339C-8963-375C1B2B3594}.RelWithDebInfo|x64.Build.0 = RelWithDebInfo|x64
		{31237848-41AD-3E91-B7F6-58F754AB6BB1}.Debug|x64.ActiveCfg = Debug|x64
		{31237848-41AD-3E91-B7F6-58F754AB6BB1}.Debug|x64.Build.0 = Debug|x64
		{31237848-41AD-3E91-B7F6-58F754AB6BB1}.Release|x64.ActiveCfg = Release|x64
		{31237848-41AD-3E91-B7F6-58F754AB6BB1}.Release|x64.Build.0 = Release|x64
		{31237848-41AD-3E91-B7F6-58F754AB6BB1}.MinSizeRel|x64.ActiveCfg = MinSizeRel|x64
		{31237848-41AD-3E91-B7F6-58F754AB6BB1}.MinSizeRel|x64.Build.0 = MinSizeRel|x64
		{31237848-41AD-3E91-B7F6-58F754AB6BB1}.RelWithDebInfo|x64.ActiveCfg = RelWithDebInfo|x64
		{31237848-41AD-3E91-B7F6-58F754AB6BB1}.RelWithDebInfo|x64.Build.0 = RelWithDebInfo|x64
		{2D226EC4-1380-3BEB-9699-1EAA1E357463}.Debug|x64.ActiveCfg = Debug|x64
		{2D226EC4-1380-3BEB-9699-1EAA1E357463}.Debug|x64.Build.0 = Debug|x64
		{2D226EC4-1380-3BEB-9699-1EAA1E357463}.Release|x64.ActiveCfg = Release|x64
		{2D226EC4-1380-3BEB-9699-1EAA1E357463}.Release|x64.Build.0 = Release|x64
		{2D226EC4-1380-3BEB-9699-1EAA1E357463}.MinSizeRel|x64.ActiveCfg = MinSizeRel|x64
		{2D226EC4-1380-3BEB-9699-1EAA1E357463}.MinSizeRel|x64.Build.0 = MinSizeRel|x64
		{2D226EC4-1380-3BEB-9699-1EAA1E357463}.RelWithDebInfo|x64.ActiveCfg = RelWithDebInfo|x64
		{2D226EC4-1380-3BEB-9699-1EAA1E357463}.RelWithDebInfo|x64.Build.0 = RelWithDebInfo|x64
		{8F2D7604-F678-32CD-8BE0-0C8B0CD180AD}.Debug|x64.ActiveCfg = Debug|x64
		{8F2D7604-F678-32CD-8BE0-0C8B0CD180AD}.Debug|x64.Build.0 = Debug|x64
		{8F2D7604-F678-32CD-8BE0-0C8B0CD180AD}.Release|x64.ActiveCfg = Release|x64
		{8F2D7604-F678-32CD-8BE0-0C8B0CD180AD}.Release|x64.Build.0 = Release|x64
		{8F2D7604-F678-32CD-8BE0-0C8B0CD180AD}.MinSizeRel|x64.ActiveCfg = MinSizeRel|x64
		{8F2D7604-F678-32CD-8BE0-0C8B0CD180AD}.MinSizeRel|x64.Build.0 = MinSizeRel|x64
		{8F2D7604-F678-32CD-8BE0-0C8B0CD180AD}.RelWithDebInfo|x64.ActiveCfg = RelWithDebInfo|x64
		{8F2D7604-F678-32CD-8BE0-0C8B0CD180AD}.RelWithDebInfo|x64.Build.0 = RelWithDebInfo|x64
		{515AC788-5AFC-3186-8B2F-370321D0EA5D}.Debug|x64.ActiveCfg = Debug|x64
		{515AC788-5AFC-3186-8B2F-370321D0EA5D}.Debug|x64.Build.0 = Debug|x64
		{515AC788-5AFC-3186-8B2F-370321D0EA5D}.Release|x64.ActiveCfg = Release|x64
		{515AC788-5AFC-3186-8B2F-370321D0EA5D}.Release|x64.Build.0 = Release|x64
		{515AC788-5AFC-3186-8B2F-370321D0EA5D}.MinSizeRel|x64.ActiveCfg = MinSizeRel|x64
		{515AC788-5AFC-3186-8B2F-370321D0EA5D}.MinSizeRel|x64.Build.0 = MinSizeRel|x64
		{515AC788-5AFC-3186-8B2F-370321D0EA5D}.RelWithDebInfo|x64.ActiveCfg = RelWithDebInfo|x64
		{515AC788-5AFC-3186-8B2F-370321D0EA5D}.RelWithDebInfo|x64.Build.0 = RelWithDebInfo|x64
		{6D20BB01-CC86-3B1F-8CA0-EB592ED5A30E}.Debug|x64.ActiveCfg = Debug|x64
		{6D20BB01-CC86-3B1F-8CA0-EB592ED5A30E}.Debug|x64.Build.0 = Debug|x64
		{6D20BB01-CC86-3B1F-8CA0-EB592ED5A30E}.Release|x64.ActiveCfg = Release|x64
		{6D20BB01-CC86-3B1F-8CA0-EB592ED5A30E}.Release|x64.Build.0 = Release|x64
		{6D20BB01-CC86-3B1F-8CA0-EB592ED5A30E}.MinSizeRel|x64.ActiveCfg = MinSizeRel|x64
		{6D20BB01-CC86-3B1F-8CA0-EB592ED5A30E}.MinSizeRel|x64.Build.0 = MinSizeRel|x64
		{6D20BB01-CC86-3B1F-8CA0-EB592ED5A30E}.RelWithDebInfo|x64.ActiveCfg = RelWithDebInfo|x64
		{6D20BB01-CC86-3B1F-8CA0-EB592ED5A30E}.RelWithDebInfo|x64.Build.0 = RelWithDebInfo|x64
		{FEAE1C5D-7508-3CDF-9BBC-05DE6117443C}.Debug|x64.ActiveCfg = Debug|x64
		{FEAE1C5D-7508-3CDF-9BBC-05DE6117443C}.Debug|x64.Build.0 = Debug|x64
		{FEAE1C5D-7508-3CDF-9BBC-05DE6117443C}.Release|x64.ActiveCfg = Release|x64
		{FEAE1C5D-7508-3CDF-9BBC-05DE6117443C}.Release|x64.Build.0 = Release|x64
		{FEAE1C5D-7508-3CDF-9BBC-05DE6117443C}.MinSizeRel|x64.ActiveCfg = MinSizeRel|x64
		{FEAE1C5D-7508-3CDF-9BBC-05DE6117443C}.MinSizeRel|x64.Build.0 = MinSizeRel|x64
		{FEAE1C5D-7508-3CDF-9BBC-05DE6117443C}.RelWithDebInfo|x64.ActiveCfg = RelWithDebInfo|x64
		{FEAE1C5D-7508-3CDF-9BBC-05DE6117443C}.RelWithDebInfo|x64.Build.0 = RelWithDebInfo|x64
		{8D130DDD-514C-338B-9E88-F53ECD333ACB}.Debug|x64.ActiveCfg = Debug|x64
		{8D130DDD-514C-338B-9E88-F53ECD333ACB}.Debug|x64.Build.0 = Debug|x64
		{8D130DDD-514C-338B-9E88-F53ECD333ACB}.Release|x64.ActiveCfg = Release|x64
		{8D130DDD-514C-338B-9E88-F53ECD333ACB}.Release|x64.Build.0 = Release|x64
		{8D130DDD-514C-338B-9E88-F53ECD333ACB}.MinSizeRel|x64.ActiveCfg = MinSizeRel|x64
		{8D130DDD-514C-338B-9E88-F53ECD333ACB}.MinSizeRel|x64.Build.0 = MinSizeRel|x64
		{8D130DDD-514C-338B-9E88-F53ECD333ACB}.RelWithDebInfo|x64.ActiveCfg = RelWithDebInfo|x64
		{8D130DDD-514C-338B-9E88-F53ECD333ACB}.RelWithDebInfo|x64.Build.0 = RelWithDebInfo|x64
	EndGlobalSection
	GlobalSection(ExtensibilityGlobals) = postSolution
		SolutionGuid = {E880A224-7F37-3E72-8BFA-257771ED9827}
	EndGlobalSection
	GlobalSection(ExtensibilityAddIns) = postSolution
	EndGlobalSection
EndGlobal
