<?xml version="1.0" encoding="utf-8"?>
<Project ToolsVersion="14.0" xmlns="http://schemas.microsoft.com/developer/msbuild/2003">
  <ItemGroup>
    <ClCompile Include="D:\Butler\9.Code\GitHub\Qing\OpenSource\protobuf-3.8.0\src\google\protobuf\compiler\mock_code_generator.cc">
      <Filter>Source Files</Filter>
    </ClCompile>
    <ClCompile Include="D:\Butler\9.Code\GitHub\Qing\OpenSource\protobuf-3.8.0\src\google\protobuf\testing\file.cc">
      <Filter>Source Files</Filter>
    </ClCompile>
    <ClCompile Include="D:\Butler\9.Code\GitHub\Qing\OpenSource\protobuf-3.8.0\src\google\protobuf\compiler\test_plugin.cc">
      <Filter>Source Files</Filter>
    </ClCompile>
  </ItemGroup>
  <ItemGroup>
    <ClInclude Include="D:\Butler\9.Code\GitHub\Qing\OpenSource\protobuf-3.8.0\src\google\protobuf\testing\file.h">
      <Filter>Header Files</Filter>
    </ClInclude>
  </ItemGroup>
  <ItemGroup>
    <CustomBuild Include="D:\Butler\9.Code\GitHub\Qing\OpenSource\protobuf-3.8.0\cmake\CMakeLists.txt" />
  </ItemGroup>
  <ItemGroup>
    <Filter Include="Header Files">
      <UniqueIdentifier>{B08C131A-5140-3EDC-AC2A-6FA866A47425}</UniqueIdentifier>
    </Filter>
    <Filter Include="Source Files">
      <UniqueIdentifier>{D9100B7A-4204-3C95-B344-BB6AE8E71C6F}</UniqueIdentifier>
    </Filter>
  </ItemGroup>
</Project>
