
Microsoft Visual Studio Solution File, Format Version 12.00
# Visual Studio Version 16
VisualStudioVersion = 16.0.29806.167
MinimumVisualStudioVersion = 10.0.40219.1
Project("{8BC9CEB8-8B4A-11D0-8D11-00A0C91BC942}") = "Windows", "Windows\Windows.vcxproj", "{D11678C8-7E61-4270-9390-E8237742A61C}"
EndProject
Project("{8BC9CEB8-8B4A-11D0-8D11-00A0C91BC942}") = "Linux", "Linux\Linux.vcxproj", "{921A42AF-0AD9-42B3-A37B-A88334DF258B}"
EndProject
Project("{8BC9CEB8-8B4A-11D0-8D11-00A0C91BC942}") = "EncryptDecrypt", "EncryptDecrypt\EncryptDecrypt.vcxproj", "{58DB0F18-4931-486C-8F0F-31EF73A299C6}"
EndProject
Project("{8BC9CEB8-8B4A-11D0-8D11-00A0C91BC942}") = "DesignPattern", "DesignPattern\DesignPattern.vcxproj", "{B483BA61-624B-40C5-AB91-1AEA5911DAB6}"
EndProject
Project("{8BC9CEB8-8B4A-11D0-8D11-00A0C91BC942}") = "StandardLinux", "StandardLinux\StandardLinux.vcxproj", "{25326E16-A276-48E3-BF4B-9BED3632C68B}"
EndProject
Project("{8BC9CEB8-8B4A-11D0-8D11-00A0C91BC942}") = "StandardWindows", "StandardWindows\StandardWindows.vcxproj", "{3F17E90C-EA77-4712-885D-D17A072F811C}"
EndProject
Project("{2150E333-8FDC-42A3-9474-1A3956D46DE8}") = "Document", "Document", "{79A175B5-3949-4351-8B10-53E6396DD372}"
	ProjectSection(SolutionItems) = preProject
		Tips.txt = Tips.txt
	EndProjectSection
EndProject
Project("{8BC9CEB8-8B4A-11D0-8D11-00A0C91BC942}") = "Algorithm", "Algorithm\Algorithm.vcxproj", "{E51DDF52-C3F6-4ED9-81CE-17018391C735}"
EndProject
Project("{8BC9CEB8-8B4A-11D0-8D11-00A0C91BC942}") = "ProjectLinux", "ProjectLinux\ProjectLinux.vcxproj", "{EA23F1E5-74E7-4DA2-BAF7-462BB5C6D7DF}"
EndProject
Project("{8BC9CEB8-8B4A-11D0-8D11-00A0C91BC942}") = "ProjectWindows", "ProjectWindows\ProjectWindows.vcxproj", "{2712C1CA-01C0-447A-A439-DFC148E5D33B}"
EndProject
Project("{8BC9CEB8-8B4A-11D0-8D11-00A0C91BC942}") = "maServerConfig", "maServerConfig\maServerConfig.vcxproj", "{FCF3A4D6-30D1-48B7-9213-AEDB26F6D73E}"
EndProject
Global
	GlobalSection(SolutionConfigurationPlatforms) = preSolution
		Debug|ARM = Debug|ARM
		Debug|ARM64 = Debug|ARM64
		Debug|x64 = Debug|x64
		Debug|x86 = Debug|x86
		Release|ARM = Release|ARM
		Release|ARM64 = Release|ARM64
		Release|x64 = Release|x64
		Release|x86 = Release|x86
	EndGlobalSection
	GlobalSection(ProjectConfigurationPlatforms) = postSolution
		{D11678C8-7E61-4270-9390-E8237742A61C}.Debug|ARM.ActiveCfg = Debug|Win32
		{D11678C8-7E61-4270-9390-E8237742A61C}.Debug|ARM64.ActiveCfg = Debug|Win32
		{D11678C8-7E61-4270-9390-E8237742A61C}.Debug|x64.ActiveCfg = Debug|x64
		{D11678C8-7E61-4270-9390-E8237742A61C}.Debug|x64.Build.0 = Debug|x64
		{D11678C8-7E61-4270-9390-E8237742A61C}.Debug|x86.ActiveCfg = Debug|Win32
		{D11678C8-7E61-4270-9390-E8237742A61C}.Debug|x86.Build.0 = Debug|Win32
		{D11678C8-7E61-4270-9390-E8237742A61C}.Release|ARM.ActiveCfg = Release|Win32
		{D11678C8-7E61-4270-9390-E8237742A61C}.Release|ARM64.ActiveCfg = Release|Win32
		{D11678C8-7E61-4270-9390-E8237742A61C}.Release|x64.ActiveCfg = Release|x64
		{D11678C8-7E61-4270-9390-E8237742A61C}.Release|x64.Build.0 = Release|x64
		{D11678C8-7E61-4270-9390-E8237742A61C}.Release|x86.ActiveCfg = Release|Win32
		{D11678C8-7E61-4270-9390-E8237742A61C}.Release|x86.Build.0 = Release|Win32
		{921A42AF-0AD9-42B3-A37B-A88334DF258B}.Debug|ARM.ActiveCfg = Debug|ARM
		{921A42AF-0AD9-42B3-A37B-A88334DF258B}.Debug|ARM.Build.0 = Debug|ARM
		{921A42AF-0AD9-42B3-A37B-A88334DF258B}.Debug|ARM64.ActiveCfg = Debug|x86
		{921A42AF-0AD9-42B3-A37B-A88334DF258B}.Debug|x64.ActiveCfg = Debug|x64
		{921A42AF-0AD9-42B3-A37B-A88334DF258B}.Debug|x64.Build.0 = Debug|x64
		{921A42AF-0AD9-42B3-A37B-A88334DF258B}.Debug|x86.ActiveCfg = Debug|x86
		{921A42AF-0AD9-42B3-A37B-A88334DF258B}.Debug|x86.Build.0 = Debug|x86
		{921A42AF-0AD9-42B3-A37B-A88334DF258B}.Release|ARM.ActiveCfg = Release|ARM
		{921A42AF-0AD9-42B3-A37B-A88334DF258B}.Release|ARM.Build.0 = Release|ARM
		{921A42AF-0AD9-42B3-A37B-A88334DF258B}.Release|ARM64.ActiveCfg = Release|x86
		{921A42AF-0AD9-42B3-A37B-A88334DF258B}.Release|x64.ActiveCfg = Release|x64
		{921A42AF-0AD9-42B3-A37B-A88334DF258B}.Release|x64.Build.0 = Release|x64
		{921A42AF-0AD9-42B3-A37B-A88334DF258B}.Release|x86.ActiveCfg = Release|x86
		{921A42AF-0AD9-42B3-A37B-A88334DF258B}.Release|x86.Build.0 = Release|x86
		{58DB0F18-4931-486C-8F0F-31EF73A299C6}.Debug|ARM.ActiveCfg = Debug|Win32
		{58DB0F18-4931-486C-8F0F-31EF73A299C6}.Debug|ARM64.ActiveCfg = Debug|Win32
		{58DB0F18-4931-486C-8F0F-31EF73A299C6}.Debug|x64.ActiveCfg = Debug|x64
		{58DB0F18-4931-486C-8F0F-31EF73A299C6}.Debug|x64.Build.0 = Debug|x64
		{58DB0F18-4931-486C-8F0F-31EF73A299C6}.Debug|x86.ActiveCfg = Debug|Win32
		{58DB0F18-4931-486C-8F0F-31EF73A299C6}.Debug|x86.Build.0 = Debug|Win32
		{58DB0F18-4931-486C-8F0F-31EF73A299C6}.Release|ARM.ActiveCfg = Release|Win32
		{58DB0F18-4931-486C-8F0F-31EF73A299C6}.Release|ARM64.ActiveCfg = Release|Win32
		{58DB0F18-4931-486C-8F0F-31EF73A299C6}.Release|x64.ActiveCfg = Release|x64
		{58DB0F18-4931-486C-8F0F-31EF73A299C6}.Release|x64.Build.0 = Release|x64
		{58DB0F18-4931-486C-8F0F-31EF73A299C6}.Release|x86.ActiveCfg = Release|Win32
		{58DB0F18-4931-486C-8F0F-31EF73A299C6}.Release|x86.Build.0 = Release|Win32
		{B483BA61-624B-40C5-AB91-1AEA5911DAB6}.Debug|ARM.ActiveCfg = Debug|Win32
		{B483BA61-624B-40C5-AB91-1AEA5911DAB6}.Debug|ARM64.ActiveCfg = Debug|Win32
		{B483BA61-624B-40C5-AB91-1AEA5911DAB6}.Debug|x64.ActiveCfg = Debug|x64
		{B483BA61-624B-40C5-AB91-1AEA5911DAB6}.Debug|x64.Build.0 = Debug|x64
		{B483BA61-624B-40C5-AB91-1AEA5911DAB6}.Debug|x86.ActiveCfg = Debug|Win32
		{B483BA61-624B-40C5-AB91-1AEA5911DAB6}.Debug|x86.Build.0 = Debug|Win32
		{B483BA61-624B-40C5-AB91-1AEA5911DAB6}.Release|ARM.ActiveCfg = Release|Win32
		{B483BA61-624B-40C5-AB91-1AEA5911DAB6}.Release|ARM64.ActiveCfg = Release|Win32
		{B483BA61-624B-40C5-AB91-1AEA5911DAB6}.Release|x64.ActiveCfg = Release|x64
		{B483BA61-624B-40C5-AB91-1AEA5911DAB6}.Release|x64.Build.0 = Release|x64
		{B483BA61-624B-40C5-AB91-1AEA5911DAB6}.Release|x86.ActiveCfg = Release|Win32
		{B483BA61-624B-40C5-AB91-1AEA5911DAB6}.Release|x86.Build.0 = Release|Win32
		{25326E16-A276-48E3-BF4B-9BED3632C68B}.Debug|ARM.ActiveCfg = Debug|ARM
		{25326E16-A276-48E3-BF4B-9BED3632C68B}.Debug|ARM.Build.0 = Debug|ARM
		{25326E16-A276-48E3-BF4B-9BED3632C68B}.Debug|ARM64.ActiveCfg = Debug|x86
		{25326E16-A276-48E3-BF4B-9BED3632C68B}.Debug|x64.ActiveCfg = Debug|x64
		{25326E16-A276-48E3-BF4B-9BED3632C68B}.Debug|x64.Build.0 = Debug|x64
		{25326E16-A276-48E3-BF4B-9BED3632C68B}.Debug|x86.ActiveCfg = Debug|x86
		{25326E16-A276-48E3-BF4B-9BED3632C68B}.Debug|x86.Build.0 = Debug|x86
		{25326E16-A276-48E3-BF4B-9BED3632C68B}.Release|ARM.ActiveCfg = Release|ARM
		{25326E16-A276-48E3-BF4B-9BED3632C68B}.Release|ARM.Build.0 = Release|ARM
		{25326E16-A276-48E3-BF4B-9BED3632C68B}.Release|ARM64.ActiveCfg = Release|x86
		{25326E16-A276-48E3-BF4B-9BED3632C68B}.Release|x64.ActiveCfg = Release|x64
		{25326E16-A276-48E3-BF4B-9BED3632C68B}.Release|x64.Build.0 = Release|x64
		{25326E16-A276-48E3-BF4B-9BED3632C68B}.Release|x86.ActiveCfg = Release|x86
		{25326E16-A276-48E3-BF4B-9BED3632C68B}.Release|x86.Build.0 = Release|x86
		{3F17E90C-EA77-4712-885D-D17A072F811C}.Debug|ARM.ActiveCfg = Debug|Win32
		{3F17E90C-EA77-4712-885D-D17A072F811C}.Debug|ARM64.ActiveCfg = Debug|Win32
		{3F17E90C-EA77-4712-885D-D17A072F811C}.Debug|x64.ActiveCfg = Debug|x64
		{3F17E90C-EA77-4712-885D-D17A072F811C}.Debug|x64.Build.0 = Debug|x64
		{3F17E90C-EA77-4712-885D-D17A072F811C}.Debug|x86.ActiveCfg = Debug|Win32
		{3F17E90C-EA77-4712-885D-D17A072F811C}.Debug|x86.Build.0 = Debug|Win32
		{3F17E90C-EA77-4712-885D-D17A072F811C}.Release|ARM.ActiveCfg = Release|Win32
		{3F17E90C-EA77-4712-885D-D17A072F811C}.Release|ARM64.ActiveCfg = Release|Win32
		{3F17E90C-EA77-4712-885D-D17A072F811C}.Release|x64.ActiveCfg = Release|x64
		{3F17E90C-EA77-4712-885D-D17A072F811C}.Release|x64.Build.0 = Release|x64
		{3F17E90C-EA77-4712-885D-D17A072F811C}.Release|x86.ActiveCfg = Release|Win32
		{3F17E90C-EA77-4712-885D-D17A072F811C}.Release|x86.Build.0 = Release|Win32
		{E51DDF52-C3F6-4ED9-81CE-17018391C735}.Debug|ARM.ActiveCfg = Debug|Win32
		{E51DDF52-C3F6-4ED9-81CE-17018391C735}.Debug|ARM64.ActiveCfg = Debug|Win32
		{E51DDF52-C3F6-4ED9-81CE-17018391C735}.Debug|x64.ActiveCfg = Debug|x64
		{E51DDF52-C3F6-4ED9-81CE-17018391C735}.Debug|x64.Build.0 = Debug|x64
		{E51DDF52-C3F6-4ED9-81CE-17018391C735}.Debug|x86.ActiveCfg = Debug|Win32
		{E51DDF52-C3F6-4ED9-81CE-17018391C735}.Debug|x86.Build.0 = Debug|Win32
		{E51DDF52-C3F6-4ED9-81CE-17018391C735}.Release|ARM.ActiveCfg = Release|Win32
		{E51DDF52-C3F6-4ED9-81CE-17018391C735}.Release|ARM64.ActiveCfg = Release|Win32
		{E51DDF52-C3F6-4ED9-81CE-17018391C735}.Release|x64.ActiveCfg = Release|x64
		{E51DDF52-C3F6-4ED9-81CE-17018391C735}.Release|x64.Build.0 = Release|x64
		{E51DDF52-C3F6-4ED9-81CE-17018391C735}.Release|x86.ActiveCfg = Release|Win32
		{E51DDF52-C3F6-4ED9-81CE-17018391C735}.Release|x86.Build.0 = Release|Win32
		{EA23F1E5-74E7-4DA2-BAF7-462BB5C6D7DF}.Debug|ARM.ActiveCfg = Debug|ARM
		{EA23F1E5-74E7-4DA2-BAF7-462BB5C6D7DF}.Debug|ARM.Build.0 = Debug|ARM
		{EA23F1E5-74E7-4DA2-BAF7-462BB5C6D7DF}.Debug|ARM.Deploy.0 = Debug|ARM
		{EA23F1E5-74E7-4DA2-BAF7-462BB5C6D7DF}.Debug|ARM64.ActiveCfg = Debug|ARM64
		{EA23F1E5-74E7-4DA2-BAF7-462BB5C6D7DF}.Debug|ARM64.Build.0 = Debug|ARM64
		{EA23F1E5-74E7-4DA2-BAF7-462BB5C6D7DF}.Debug|ARM64.Deploy.0 = Debug|ARM64
		{EA23F1E5-74E7-4DA2-BAF7-462BB5C6D7DF}.Debug|x64.ActiveCfg = Debug|x64
		{EA23F1E5-74E7-4DA2-BAF7-462BB5C6D7DF}.Debug|x64.Build.0 = Debug|x64
		{EA23F1E5-74E7-4DA2-BAF7-462BB5C6D7DF}.Debug|x64.Deploy.0 = Debug|x64
		{EA23F1E5-74E7-4DA2-BAF7-462BB5C6D7DF}.Debug|x86.ActiveCfg = Debug|x86
		{EA23F1E5-74E7-4DA2-BAF7-462BB5C6D7DF}.Debug|x86.Build.0 = Debug|x86
		{EA23F1E5-74E7-4DA2-BAF7-462BB5C6D7DF}.Debug|x86.Deploy.0 = Debug|x86
		{EA23F1E5-74E7-4DA2-BAF7-462BB5C6D7DF}.Release|ARM.ActiveCfg = Release|ARM
		{EA23F1E5-74E7-4DA2-BAF7-462BB5C6D7DF}.Release|ARM.Build.0 = Release|ARM
		{EA23F1E5-74E7-4DA2-BAF7-462BB5C6D7DF}.Release|ARM.Deploy.0 = Release|ARM
		{EA23F1E5-74E7-4DA2-BAF7-462BB5C6D7DF}.Release|ARM64.ActiveCfg = Release|ARM64
		{EA23F1E5-74E7-4DA2-BAF7-462BB5C6D7DF}.Release|ARM64.Build.0 = Release|ARM64
		{EA23F1E5-74E7-4DA2-BAF7-462BB5C6D7DF}.Release|ARM64.Deploy.0 = Release|ARM64
		{EA23F1E5-74E7-4DA2-BAF7-462BB5C6D7DF}.Release|x64.ActiveCfg = Release|x64
		{EA23F1E5-74E7-4DA2-BAF7-462BB5C6D7DF}.Release|x64.Build.0 = Release|x64
		{EA23F1E5-74E7-4DA2-BAF7-462BB5C6D7DF}.Release|x64.Deploy.0 = Release|x64
		{EA23F1E5-74E7-4DA2-BAF7-462BB5C6D7DF}.Release|x86.ActiveCfg = Release|x86
		{EA23F1E5-74E7-4DA2-BAF7-462BB5C6D7DF}.Release|x86.Build.0 = Release|x86
		{EA23F1E5-74E7-4DA2-BAF7-462BB5C6D7DF}.Release|x86.Deploy.0 = Release|x86
		{2712C1CA-01C0-447A-A439-DFC148E5D33B}.Debug|ARM.ActiveCfg = Debug|Win32
		{2712C1CA-01C0-447A-A439-DFC148E5D33B}.Debug|ARM64.ActiveCfg = Debug|Win32
		{2712C1CA-01C0-447A-A439-DFC148E5D33B}.Debug|x64.ActiveCfg = Debug|x64
		{2712C1CA-01C0-447A-A439-DFC148E5D33B}.Debug|x64.Build.0 = Debug|x64
		{2712C1CA-01C0-447A-A439-DFC148E5D33B}.Debug|x86.ActiveCfg = Debug|Win32
		{2712C1CA-01C0-447A-A439-DFC148E5D33B}.Debug|x86.Build.0 = Debug|Win32
		{2712C1CA-01C0-447A-A439-DFC148E5D33B}.Release|ARM.ActiveCfg = Release|Win32
		{2712C1CA-01C0-447A-A439-DFC148E5D33B}.Release|ARM64.ActiveCfg = Release|Win32
		{2712C1CA-01C0-447A-A439-DFC148E5D33B}.Release|x64.ActiveCfg = Release|x64
		{2712C1CA-01C0-447A-A439-DFC148E5D33B}.Release|x64.Build.0 = Release|x64
		{2712C1CA-01C0-447A-A439-DFC148E5D33B}.Release|x86.ActiveCfg = Release|Win32
		{2712C1CA-01C0-447A-A439-DFC148E5D33B}.Release|x86.Build.0 = Release|Win32
		{FCF3A4D6-30D1-48B7-9213-AEDB26F6D73E}.Debug|ARM.ActiveCfg = Debug|Win32
		{FCF3A4D6-30D1-48B7-9213-AEDB26F6D73E}.Debug|ARM64.ActiveCfg = Debug|Win32
		{FCF3A4D6-30D1-48B7-9213-AEDB26F6D73E}.Debug|x64.ActiveCfg = Debug|x64
		{FCF3A4D6-30D1-48B7-9213-AEDB26F6D73E}.Debug|x64.Build.0 = Debug|x64
		{FCF3A4D6-30D1-48B7-9213-AEDB26F6D73E}.Debug|x86.ActiveCfg = Debug|Win32
		{FCF3A4D6-30D1-48B7-9213-AEDB26F6D73E}.Debug|x86.Build.0 = Debug|Win32
		{FCF3A4D6-30D1-48B7-9213-AEDB26F6D73E}.Release|ARM.ActiveCfg = Release|Win32
		{FCF3A4D6-30D1-48B7-9213-AEDB26F6D73E}.Release|ARM64.ActiveCfg = Release|Win32
		{FCF3A4D6-30D1-48B7-9213-AEDB26F6D73E}.Release|x64.ActiveCfg = Release|x64
		{FCF3A4D6-30D1-48B7-9213-AEDB26F6D73E}.Release|x64.Build.0 = Release|x64
		{FCF3A4D6-30D1-48B7-9213-AEDB26F6D73E}.Release|x86.ActiveCfg = Release|Win32
		{FCF3A4D6-30D1-48B7-9213-AEDB26F6D73E}.Release|x86.Build.0 = Release|Win32
	EndGlobalSection
	GlobalSection(SolutionProperties) = preSolution
		HideSolutionNode = FALSE
	EndGlobalSection
	GlobalSection(ExtensibilityGlobals) = postSolution
		SolutionGuid = {82C78608-6D2B-42F9-AFF1-0CB1F752C385}
	EndGlobalSection
EndGlobal
